PODS:
  - ScrollableSegmentedControl (1.5.0)

DEPENDENCIES:
  - ScrollableSegmentedControl

SPEC REPOS:
  trunk:
    - ScrollableSegmentedControl

SPEC CHECKSUMS:
  ScrollableSegmentedControl: 2e64bbe8968a7fcd8aae5014434481464fcdfe60

PODFILE CHECKSUM: 2c793cbab0f1cd3f3204e15397a91ad727ae1779

COCOAPODS: 1.10.0
