// !$*UTF8*$!
{
	archiveVersion = 1;
	classes = {
	};
	objectVersion = 77;
	objects = {

/* Begin PBXBuildFile section */
		523A371528CCF28100876C77 /* StoreKit.framework in Frameworks */ = {isa = PBXBuildFile; fileRef = 523A371428CCF28100876C77 /* StoreKit.framework */; };
		A11E0000000000000000001A /* AdSupport.framework in Frameworks */ = {isa = PBXBuildFile; fileRef = E237952F2274844400BA7238 /* AdSupport.framework */; };
		A11E0000000000000000001B /* AdServices.framework in Frameworks */ = {isa = PBXBuildFile; fileRef = 523A371228CCF27400876C77 /* AdServices.framework */; };
		A11E0000000000000000001C /* AppTrackingTransparency.framework in Frameworks */ = {isa = PBXBuildFile; fileRef = 523A371628CCF28900876C77 /* AppTrackingTransparency.framework */; };
		A11E0000000000000000001D /* StoreKit.framework in Frameworks */ = {isa = PBXBuildFile; fileRef = 523A371428CCF28100876C77 /* StoreKit.framework */; };
		A11E0000000000000000001E /* WebKit.framework in Frameworks */ = {isa = PBXBuildFile; fileRef = E26C39382250DC6E009C484A /* WebKit.framework */; };
		A11E0000000000000000001F /* CoreFoundation.framework in Frameworks */ = {isa = PBXBuildFile; fileRef = E2A17B2200000000000000C2 /* CoreFoundation.framework */; };
		A11E00000000000000000020 /* CFNetwork.framework in Frameworks */ = {isa = PBXBuildFile; fileRef = E2A17B2300000000000000C3 /* CFNetwork.framework */; };
		A11E00000000000000000021 /* Foundation.framework in Frameworks */ = {isa = PBXBuildFile; fileRef = E1EB6C492C1A510D003EC5A0 /* Foundation.framework */; };
		A11E0000000000000000000F /* GoogleMobileAds in Frameworks */ = {isa = PBXBuildFile; productRef = A11E0000000000000000000C /* GoogleMobileAds */; };
		A11E00000000000000000010 /* GoogleUserMessagingPlatform in Frameworks */ = {isa = PBXBuildFile; productRef = A11E0000000000000000000D /* GoogleUserMessagingPlatform */; };
		A11E00000000000000000011 /* OdrCore in Frameworks */ = {isa = PBXBuildFile; productRef = A11E0000000000000000000E /* OdrCore */; };
		A11E00000000000000000016 /* PrivacyInfo.xcprivacy in Resources */ = {isa = PBXBuildFile; fileRef = A11E00000000000000000013 /* PrivacyInfo.xcprivacy */; };
		A11E00000000000000000017 /* PrivacyInfo.xcprivacy in Resources */ = {isa = PBXBuildFile; fileRef = A11E00000000000000000015 /* PrivacyInfo.xcprivacy */; };
		E1A78CF72C1A53DB00CD43E4 /* Foundation.framework in Frameworks */ = {isa = PBXBuildFile; fileRef = E1EB6C492C1A510D003EC5A0 /* Foundation.framework */; };
		E26C39392250DC6E009C484A /* WebKit.framework in Frameworks */ = {isa = PBXBuildFile; fileRef = E26C39382250DC6E009C484A /* WebKit.framework */; };
		E2A17B2000000000000000C0 /* CoreFoundation.framework in Frameworks */ = {isa = PBXBuildFile; fileRef = E2A17B2200000000000000C2 /* CoreFoundation.framework */; };
		E2A17B2100000000000000C1 /* CFNetwork.framework in Frameworks */ = {isa = PBXBuildFile; fileRef = E2A17B2300000000000000C3 /* CFNetwork.framework */; };
		FB494C85E264BD924C1EA54E /* OdrCore in Frameworks */ = {isa = PBXBuildFile; productRef = E381918B979121CD165C966A /* OdrCore */; };
/* End PBXBuildFile section */

/* Begin PBXContainerItemProxy section */
		E22B25312557F0E2001D0C52 /* PBXContainerItemProxy */ = {
			isa = PBXContainerItemProxy;
			containerPortal = E2F7ED47220B54D600D63515 /* Project object */;
			proxyType = 1;
			remoteGlobalIDString = E2F7ED4E220B54D600D63515;
			remoteInfo = OpenDocumentReader;
		};
/* End PBXContainerItemProxy section */

/* Begin PBXFileReference section */
		523A371228CCF27400876C77 /* AdServices.framework */ = {isa = PBXFileReference; lastKnownFileType = wrapper.framework; name = AdServices.framework; path = System/Library/Frameworks/AdServices.framework; sourceTree = SDKROOT; };
		523A371428CCF28100876C77 /* StoreKit.framework */ = {isa = PBXFileReference; lastKnownFileType = wrapper.framework; name = StoreKit.framework; path = System/Library/Frameworks/StoreKit.framework; sourceTree = SDKROOT; };
		523A371628CCF28900876C77 /* AppTrackingTransparency.framework */ = {isa = PBXFileReference; lastKnownFileType = wrapper.framework; name = AppTrackingTransparency.framework; path = System/Library/Frameworks/AppTrackingTransparency.framework; sourceTree = SDKROOT; };
		52A348B12A9262D100DACAB9 /* OpenDocumentReader.app */ = {isa = PBXFileReference; explicitFileType = wrapper.application; includeInIndex = 0; path = OpenDocumentReader.app; sourceTree = BUILT_PRODUCTS_DIR; };
		52A348B22A9262D100DACAB9 /* OpenDocumentReaderTests.xctest */ = {isa = PBXFileReference; explicitFileType = wrapper.cfbundle; includeInIndex = 0; path = OpenDocumentReaderTests.xctest; sourceTree = BUILT_PRODUCTS_DIR; };
		A11E00000000000000000008 /* OpenDocumentReader Lite.app */ = {isa = PBXFileReference; explicitFileType = wrapper.application; includeInIndex = 0; path = "OpenDocumentReader Lite.app"; sourceTree = BUILT_PRODUCTS_DIR; };
		A11E00000000000000000012 /* Info.plist */ = {isa = PBXFileReference; lastKnownFileType = text.plist.xml; path = Info.plist; sourceTree = "<group>"; };
		A11E00000000000000000013 /* PrivacyInfo.xcprivacy */ = {isa = PBXFileReference; lastKnownFileType = text.xml; path = PrivacyInfo.xcprivacy; sourceTree = "<group>"; };
		A11E00000000000000000014 /* Info.plist */ = {isa = PBXFileReference; lastKnownFileType = text.plist.xml; path = Info.plist; sourceTree = "<group>"; };
		A11E00000000000000000015 /* PrivacyInfo.xcprivacy */ = {isa = PBXFileReference; lastKnownFileType = text.xml; path = PrivacyInfo.xcprivacy; sourceTree = "<group>"; };
		E1EB6C492C1A510D003EC5A0 /* Foundation.framework */ = {isa = PBXFileReference; lastKnownFileType = wrapper.framework; name = Foundation.framework; path = System/Library/Frameworks/Foundation.framework; sourceTree = SDKROOT; };
		E237952F2274844400BA7238 /* AdSupport.framework */ = {isa = PBXFileReference; lastKnownFileType = wrapper.framework; name = AdSupport.framework; path = System/Library/Frameworks/AdSupport.framework; sourceTree = SDKROOT; };
		E26C39382250DC6E009C484A /* WebKit.framework */ = {isa = PBXFileReference; lastKnownFileType = wrapper.framework; name = WebKit.framework; path = System/Library/Frameworks/WebKit.framework; sourceTree = SDKROOT; };
		E2A17B2200000000000000C2 /* CoreFoundation.framework */ = {isa = PBXFileReference; lastKnownFileType = wrapper.framework; name = CoreFoundation.framework; path = System/Library/Frameworks/CoreFoundation.framework; sourceTree = SDKROOT; };
		E2A17B2300000000000000C3 /* CFNetwork.framework */ = {isa = PBXFileReference; lastKnownFileType = wrapper.framework; name = CFNetwork.framework; path = System/Library/Frameworks/CFNetwork.framework; sourceTree = SDKROOT; };
/* End PBXFileReference section */

/* Begin PBXFileSystemSynchronizedRootGroup section */
		A11E00000000000000000009 /* Ads */ = {
			isa = PBXFileSystemSynchronizedRootGroup;
			path = Ads;
			sourceTree = "<group>";
		};
		A11E0000000000000000000A /* NoAds */ = {
			isa = PBXFileSystemSynchronizedRootGroup;
			path = NoAds;
			sourceTree = "<group>";
		};
		A11E0000000000000000000B /* OpenDocumentReader */ = {
			isa = PBXFileSystemSynchronizedRootGroup;
			path = OpenDocumentReader;
			sourceTree = "<group>";
		};
		A11E00000000000000000022 /* OpenDocumentReaderTests */ = {
			isa = PBXFileSystemSynchronizedRootGroup;
			path = OpenDocumentReaderTests;
			sourceTree = "<group>";
		};
/* End PBXFileSystemSynchronizedRootGroup section */

/* Begin PBXFrameworksBuildPhase section */
		A11E00000000000000000003 /* Frameworks */ = {
			isa = PBXFrameworksBuildPhase;
			buildActionMask = 2147483647;
			files = (
				A11E0000000000000000001C /* AppTrackingTransparency.framework in Frameworks */,
				A11E0000000000000000001D /* StoreKit.framework in Frameworks */,
				A11E0000000000000000001A /* AdSupport.framework in Frameworks */,
				A11E0000000000000000001B /* AdServices.framework in Frameworks */,
				A11E0000000000000000001E /* WebKit.framework in Frameworks */,
				A11E0000000000000000001F /* CoreFoundation.framework in Frameworks */,
				A11E00000000000000000020 /* CFNetwork.framework in Frameworks */,
				A11E00000000000000000021 /* Foundation.framework in Frameworks */,
				A11E0000000000000000000F /* GoogleMobileAds in Frameworks */,
				A11E00000000000000000010 /* GoogleUserMessagingPlatform in Frameworks */,
				A11E00000000000000000011 /* OdrCore in Frameworks */,
			);
			runOnlyForDeploymentPostprocessing = 0;
		};
		E22B25292557F0E2001D0C52 /* Frameworks */ = {
			isa = PBXFrameworksBuildPhase;
			buildActionMask = 2147483647;
			files = (
			);
			runOnlyForDeploymentPostprocessing = 0;
		};
		E2F7ED4C220B54D600D63515 /* Frameworks */ = {
			isa = PBXFrameworksBuildPhase;
			buildActionMask = 2147483647;
			files = (
				523A371528CCF28100876C77 /* StoreKit.framework in Frameworks */,
				E26C39392250DC6E009C484A /* WebKit.framework in Frameworks */,
				E2A17B2000000000000000C0 /* CoreFoundation.framework in Frameworks */,
				E2A17B2100000000000000C1 /* CFNetwork.framework in Frameworks */,
				E1A78CF72C1A53DB00CD43E4 /* Foundation.framework in Frameworks */,
				FB494C85E264BD924C1EA54E /* OdrCore in Frameworks */,
			);
			runOnlyForDeploymentPostprocessing = 0;
		};
/* End PBXFrameworksBuildPhase section */

/* Begin PBXGroup section */
		A11E00000000000000000018 /* full */ = {
			isa = PBXGroup;
			children = (
				A11E00000000000000000012 /* Info.plist */,
				A11E00000000000000000013 /* PrivacyInfo.xcprivacy */,
			);
			path = full;
			sourceTree = "<group>";
		};
		A11E00000000000000000019 /* lite */ = {
			isa = PBXGroup;
			children = (
				A11E00000000000000000014 /* Info.plist */,
				A11E00000000000000000015 /* PrivacyInfo.xcprivacy */,
			);
			path = lite;
			sourceTree = "<group>";
		};
		E17AF34D2C258C5100FBED6A /* configs */ = {
			isa = PBXGroup;
			children = (
				A11E00000000000000000018 /* full */,
				A11E00000000000000000019 /* lite */,
			);
			path = configs;
			sourceTree = "<group>";
		};
		E2BB4B64220EF4F20056176B /* Frameworks */ = {
			isa = PBXGroup;
			children = (
				E1EB6C492C1A510D003EC5A0 /* Foundation.framework */,
				523A371628CCF28900876C77 /* AppTrackingTransparency.framework */,
				523A371428CCF28100876C77 /* StoreKit.framework */,
				523A371228CCF27400876C77 /* AdServices.framework */,
				E237952F2274844400BA7238 /* AdSupport.framework */,
				E26C39382250DC6E009C484A /* WebKit.framework */,
				E2A17B2200000000000000C2 /* CoreFoundation.framework */,
				E2A17B2300000000000000C3 /* CFNetwork.framework */,
			);
			name = Frameworks;
			sourceTree = "<group>";
		};
		E2F7ED46220B54D600D63515 = {
			isa = PBXGroup;
			children = (
				E17AF34D2C258C5100FBED6A /* configs */,
				A11E0000000000000000000B /* OpenDocumentReader */,
				A11E00000000000000000009 /* Ads */,
				A11E0000000000000000000A /* NoAds */,
				A11E00000000000000000022 /* OpenDocumentReaderTests */,
				E2BB4B64220EF4F20056176B /* Frameworks */,
				52A348B12A9262D100DACAB9 /* OpenDocumentReader.app */,
				A11E00000000000000000008 /* OpenDocumentReader Lite.app */,
				52A348B22A9262D100DACAB9 /* OpenDocumentReaderTests.xctest */,
			);
			sourceTree = "<group>";
		};
/* End PBXGroup section */

/* Begin PBXNativeTarget section */
		A11E00000000000000000001 /* OpenDocumentReader Lite */ = {
			isa = PBXNativeTarget;
			buildConfigurationList = A11E00000000000000000005 /* Build configuration list for PBXNativeTarget "OpenDocumentReader Lite" */;
			buildPhases = (
				A11E00000000000000000002 /* Sources */,
				A11E00000000000000000003 /* Frameworks */,
				A11E00000000000000000004 /* Resources */,
			);
			buildRules = (
			);
			dependencies = (
			);
			fileSystemSynchronizedGroups = (
				A11E0000000000000000000B /* OpenDocumentReader */,
				A11E00000000000000000009 /* Ads */,
			);
			name = "OpenDocumentReader Lite";
			packageProductDependencies = (
				A11E0000000000000000000C /* GoogleMobileAds */,
				A11E0000000000000000000D /* GoogleUserMessagingPlatform */,
				A11E0000000000000000000E /* OdrCore */,
			);
			productName = "OpenDocument Reader Lite";
			productReference = A11E00000000000000000008 /* OpenDocumentReader Lite.app */;
			productType = "com.apple.product-type.application";
		};
		E22B252B2557F0E2001D0C52 /* OpenDocumentReaderTests */ = {
			isa = PBXNativeTarget;
			buildConfigurationList = E22B25332557F0E2001D0C52 /* Build configuration list for PBXNativeTarget "OpenDocumentReaderTests" */;
			buildPhases = (
				E22B25282557F0E2001D0C52 /* Sources */,
				E22B25292557F0E2001D0C52 /* Frameworks */,
				E22B252A2557F0E2001D0C52 /* Resources */,
			);
			buildRules = (
			);
			dependencies = (
				E22B25322557F0E2001D0C52 /* PBXTargetDependency */,
			);
			fileSystemSynchronizedGroups = (
				A11E00000000000000000022 /* OpenDocumentReaderTests */,
			);
			name = OpenDocumentReaderTests;
			productName = OpenDocumentReaderTests;
			productReference = 52A348B22A9262D100DACAB9 /* OpenDocumentReaderTests.xctest */;
			productType = "com.apple.product-type.bundle.unit-test";
		};
		E2F7ED4E220B54D600D63515 /* OpenDocumentReader */ = {
			isa = PBXNativeTarget;
			buildConfigurationList = E2F7ED65220B54D700D63515 /* Build configuration list for PBXNativeTarget "OpenDocumentReader" */;
			buildPhases = (
				E2F7ED4B220B54D600D63515 /* Sources */,
				E2F7ED4C220B54D600D63515 /* Frameworks */,
				E2F7ED4D220B54D600D63515 /* Resources */,
			);
			buildRules = (
			);
			dependencies = (
			);
			fileSystemSynchronizedGroups = (
				A11E0000000000000000000B /* OpenDocumentReader */,
				A11E0000000000000000000A /* NoAds */,
			);
			name = OpenDocumentReader;
			packageProductDependencies = (
				E381918B979121CD165C966A /* OdrCore */,
			);
			productName = "OpenDocument Reader";
			productReference = 52A348B12A9262D100DACAB9 /* OpenDocumentReader.app */;
			productType = "com.apple.product-type.application";
		};
/* End PBXNativeTarget section */

/* Begin PBXProject section */
		E2F7ED47220B54D600D63515 /* Project object */ = {
			isa = PBXProject;
			attributes = {
				BuildIndependentTargetsInParallel = YES;
				LastSwiftUpdateCheck = 1250;
				LastUpgradeCheck = 1630;
				ORGANIZATIONNAME = "Thomas Taschauer";
				TargetAttributes = {
					A11E00000000000000000001 = {
						CreatedOnToolsVersion = 26.0;
					};
					E22B252B2557F0E2001D0C52 = {
						CreatedOnToolsVersion = 12.0;
						TestTargetID = E2F7ED4E220B54D600D63515;
					};
					E2F7ED4E220B54D600D63515 = {
						CreatedOnToolsVersion = 10.1;
						LastSwiftMigration = 1020;
					};
				};
			};
			buildConfigurationList = E2F7ED4A220B54D600D63515 /* Build configuration list for PBXProject "OpenDocumentReader" */;
			developmentRegion = en;
			hasScannedForEncodings = 0;
			knownRegions = (
				en,
				Base,
				de,
				ru,
				ca,
				"zh-Hans",
				cs,
				da,
				fr,
				ga,
				it,
				ja,
				pl,
				"pt-BR",
				es,
				tr,
				sl,
			);
			mainGroup = E2F7ED46220B54D600D63515;
			minimizedProjectReferenceProxies = 1;
			packageReferences = (
				AD584FCD41577C8CDEE974AA /* XCRemoteSwiftPackageReference "swift-package-manager-google-mobile-ads" */,
				C0A5E1100000000000000003 /* XCRemoteSwiftPackageReference "swift-package-manager-google-user-messaging-platform" */,
				78200B97C10509E2539B4FE5 /* XCRemoteSwiftPackageReference "OpenDocument.core" */,
			);
			preferredProjectObjectVersion = 77;
			productRefGroup = E2F7ED46220B54D600D63515;
			projectDirPath = "";
			projectRoot = "";
			targets = (
				E2F7ED4E220B54D600D63515 /* OpenDocumentReader */,
				A11E00000000000000000001 /* OpenDocumentReader Lite */,
				E22B252B2557F0E2001D0C52 /* OpenDocumentReaderTests */,
			);
		};
/* End PBXProject section */

/* Begin PBXResourcesBuildPhase section */
		A11E00000000000000000004 /* Resources */ = {
			isa = PBXResourcesBuildPhase;
			buildActionMask = 2147483647;
			files = (
				A11E00000000000000000017 /* PrivacyInfo.xcprivacy in Resources */,
			);
			runOnlyForDeploymentPostprocessing = 0;
		};
		E22B252A2557F0E2001D0C52 /* Resources */ = {
			isa = PBXResourcesBuildPhase;
			buildActionMask = 2147483647;
			files = (
			);
			runOnlyForDeploymentPostprocessing = 0;
		};
		E2F7ED4D220B54D600D63515 /* Resources */ = {
			isa = PBXResourcesBuildPhase;
			buildActionMask = 2147483647;
			files = (
				A11E00000000000000000016 /* PrivacyInfo.xcprivacy in Resources */,
			);
			runOnlyForDeploymentPostprocessing = 0;
		};
/* End PBXResourcesBuildPhase section */

/* Begin PBXSourcesBuildPhase section */
		A11E00000000000000000002 /* Sources */ = {
			isa = PBXSourcesBuildPhase;
			buildActionMask = 2147483647;
			files = (
			);
			runOnlyForDeploymentPostprocessing = 0;
		};
		E22B25282557F0E2001D0C52 /* Sources */ = {
			isa = PBXSourcesBuildPhase;
			buildActionMask = 2147483647;
			files = (
			);
			runOnlyForDeploymentPostprocessing = 0;
		};
		E2F7ED4B220B54D600D63515 /* Sources */ = {
			isa = PBXSourcesBuildPhase;
			buildActionMask = 2147483647;
			files = (
			);
			runOnlyForDeploymentPostprocessing = 0;
		};
/* End PBXSourcesBuildPhase section */

/* Begin PBXTargetDependency section */
		E22B25322557F0E2001D0C52 /* PBXTargetDependency */ = {
			isa = PBXTargetDependency;
			target = E2F7ED4E220B54D600D63515 /* OpenDocumentReader */;
			targetProxy = E22B25312557F0E2001D0C52 /* PBXContainerItemProxy */;
		};
/* End PBXTargetDependency section */

/* Begin XCBuildConfiguration section */
		A11E00000000000000000006 /* Debug */ = {
			isa = XCBuildConfiguration;
			buildSettings = {
				ASSETCATALOG_COMPILER_APPICON_NAME = AppIcon;
				BUNDLE_DISPLAY_NAME = "OpenDocumentReader Lite";
				CLANG_CXX_LANGUAGE_STANDARD = "gnu++20";
				CLANG_ENABLE_MODULES = YES;
				CODE_SIGN_STYLE = Automatic;
				CURRENT_PROJECT_VERSION = 1;
				DEBUG_INFORMATION_FORMAT = "dwarf-with-dsym";
				DEFINES_MODULE = YES;
				ENABLE_BITCODE = NO;
				ENABLE_MODULE_VERIFIER = YES;
				ENABLE_USER_SCRIPT_SANDBOXING = NO;
				INFOPLIST_FILE = configs/lite/Info.plist;
				INFOPLIST_KEY_CFBundleDisplayName = "OpenDocument Reader";
				INFOPLIST_KEY_LSApplicationCategoryType = "public.app-category.productivity";
				LD_RUNPATH_SEARCH_PATHS = (
					"$(inherited)",
					"@executable_path/Frameworks",
				);
				MARKETING_VERSION = 0.0.0;
				MODULE_VERIFIER_SUPPORTED_LANGUAGE_STANDARDS = "gnu17 gnu++20";
				ONLY_ACTIVE_ARCH = YES;
				PRODUCT_BUNDLE_IDENTIFIER = at.tomtasche.reader.lite1;
				PRODUCT_NAME = "$(BUNDLE_DISPLAY_NAME)";
				SUPPORTED_PLATFORMS = "iphoneos iphonesimulator";
				SUPPORTS_MACCATALYST = NO;
				SWIFT_OPTIMIZATION_LEVEL = "-Onone";
				SWIFT_VERSION = 5.0;
				TARGETED_DEVICE_FAMILY = "1,2";
			};
			name = Debug;
		};
		A11E00000000000000000007 /* Release */ = {
			isa = XCBuildConfiguration;
			buildSettings = {
				ASSETCATALOG_COMPILER_APPICON_NAME = AppIcon;
				BUNDLE_DISPLAY_NAME = "OpenDocumentReader Lite";
				CLANG_CXX_LANGUAGE_STANDARD = "gnu++20";
				CLANG_ENABLE_MODULES = YES;
				CODE_SIGN_STYLE = Automatic;
				CURRENT_PROJECT_VERSION = 1;
				DEFINES_MODULE = YES;
				ENABLE_BITCODE = NO;
				ENABLE_MODULE_VERIFIER = YES;
				ENABLE_USER_SCRIPT_SANDBOXING = NO;
				INFOPLIST_FILE = configs/lite/Info.plist;
				INFOPLIST_KEY_CFBundleDisplayName = "OpenDocument Reader";
				INFOPLIST_KEY_LSApplicationCategoryType = "public.app-category.productivity";
				LD_RUNPATH_SEARCH_PATHS = (
					"$(inherited)",
					"@executable_path/Frameworks",
				);
				MARKETING_VERSION = 0.0.0;
				MODULE_VERIFIER_SUPPORTED_LANGUAGE_STANDARDS = "gnu17 gnu++20";
				PRODUCT_BUNDLE_IDENTIFIER = at.tomtasche.reader.lite1;
				PRODUCT_NAME = "$(BUNDLE_DISPLAY_NAME)";
				SUPPORTED_PLATFORMS = "iphoneos iphonesimulator";
				SUPPORTS_MACCATALYST = NO;
				SWIFT_VERSION = 5.0;
				TARGETED_DEVICE_FAMILY = "1,2";
			};
			name = Release;
		};
		E22B25342557F0E2001D0C52 /* Debug */ = {
			isa = XCBuildConfiguration;
			buildSettings = {
				BUNDLE_LOADER = "$(TEST_HOST)";
				CLANG_CXX_LANGUAGE_STANDARD = "gnu++20";
				CODE_SIGN_STYLE = Automatic;
				DEBUG_INFORMATION_FORMAT = "dwarf-with-dsym";
				GENERATE_INFOPLIST_FILE = YES;
				LD_RUNPATH_SEARCH_PATHS = (
					"$(inherited)",
					"@executable_path/Frameworks",
					"@loader_path/Frameworks",
				);
				PRODUCT_BUNDLE_IDENTIFIER = app.opendocument.OpenDocumentReaderTests;
				PRODUCT_NAME = "$(TARGET_NAME)";
				SWIFT_VERSION = 5.0;
				TEST_HOST = "$(BUILT_PRODUCTS_DIR)/OpenDocumentReader.app/OpenDocumentReader";
			};
			name = Debug;
		};
		E22B25362557F0E2001D0C52 /* Release */ = {
			isa = XCBuildConfiguration;
			buildSettings = {
				BUNDLE_LOADER = "$(TEST_HOST)";
				CLANG_CXX_LANGUAGE_STANDARD = "gnu++20";
				CODE_SIGN_STYLE = Automatic;
				GENERATE_INFOPLIST_FILE = YES;
				LD_RUNPATH_SEARCH_PATHS = (
					"$(inherited)",
					"@executable_path/Frameworks",
					"@loader_path/Frameworks",
				);
				PRODUCT_BUNDLE_IDENTIFIER = app.opendocument.OpenDocumentReaderTests;
				PRODUCT_NAME = "$(TARGET_NAME)";
				SWIFT_VERSION = 5.0;
				TEST_HOST = "$(BUILT_PRODUCTS_DIR)/OpenDocumentReader.app/OpenDocumentReader";
			};
			name = Release;
		};
		E2F7ED63220B54D700D63515 /* Debug */ = {
			isa = XCBuildConfiguration;
			buildSettings = {
				ALWAYS_SEARCH_USER_PATHS = NO;
				CLANG_ANALYZER_LOCALIZABILITY_NONLOCALIZED = YES;
				CLANG_ANALYZER_NONNULL = YES;
				CLANG_ANALYZER_NUMBER_OBJECT_CONVERSION = YES_AGGRESSIVE;
				CLANG_CXX_LANGUAGE_STANDARD = "gnu++20";
				CLANG_CXX_LIBRARY = "libc++";
				CLANG_ENABLE_MODULES = YES;
				CLANG_ENABLE_OBJC_ARC = YES;
				CLANG_ENABLE_OBJC_WEAK = YES;
				CLANG_WARN_BLOCK_CAPTURE_AUTORELEASING = YES;
				CLANG_WARN_BOOL_CONVERSION = YES;
				CLANG_WARN_COMMA = YES;
				CLANG_WARN_CONSTANT_CONVERSION = YES;
				CLANG_WARN_DEPRECATED_OBJC_IMPLEMENTATIONS = YES;
				CLANG_WARN_DIRECT_OBJC_ISA_USAGE = YES_ERROR;
				CLANG_WARN_DOCUMENTATION_COMMENTS = YES;
				CLANG_WARN_EMPTY_BODY = YES;
				CLANG_WARN_ENUM_CONVERSION = YES;
				CLANG_WARN_INFINITE_RECURSION = YES;
				CLANG_WARN_INT_CONVERSION = YES;
				CLANG_WARN_NON_LITERAL_NULL_CONVERSION = YES;
				CLANG_WARN_OBJC_IMPLICIT_RETAIN_SELF = YES;
				CLANG_WARN_OBJC_LITERAL_CONVERSION = YES;
				CLANG_WARN_OBJC_ROOT_CLASS = YES_ERROR;
				CLANG_WARN_QUOTED_INCLUDE_IN_FRAMEWORK_HEADER = YES;
				CLANG_WARN_RANGE_LOOP_ANALYSIS = YES;
				CLANG_WARN_STRICT_PROTOTYPES = YES;
				CLANG_WARN_SUSPICIOUS_MOVE = YES;
				CLANG_WARN_UNGUARDED_AVAILABILITY = YES_AGGRESSIVE;
				CLANG_WARN_UNREACHABLE_CODE = YES;
				CLANG_WARN__DUPLICATE_METHOD_MATCH = YES;
				CODE_SIGN_IDENTITY = "iPhone Developer";
				COPY_PHASE_STRIP = NO;
				DEBUG_INFORMATION_FORMAT = "dwarf-with-dsym";
				DEVELOPMENT_TEAM = 5LS6X97G6J;
				ENABLE_STRICT_OBJC_MSGSEND = YES;
				ENABLE_TESTABILITY = YES;
				GCC_C_LANGUAGE_STANDARD = gnu17;
				GCC_DYNAMIC_NO_PIC = NO;
				GCC_NO_COMMON_BLOCKS = YES;
				GCC_OPTIMIZATION_LEVEL = 0;
				GCC_PREPROCESSOR_DEFINITIONS = (
					"DEBUG=1",
					"$(inherited)",
				);
				GCC_WARN_64_TO_32_BIT_CONVERSION = YES;
				GCC_WARN_ABOUT_RETURN_TYPE = YES_ERROR;
				GCC_WARN_UNDECLARED_SELECTOR = YES;
				GCC_WARN_UNINITIALIZED_AUTOS = YES_AGGRESSIVE;
				GCC_WARN_UNUSED_FUNCTION = YES;
				GCC_WARN_UNUSED_VARIABLE = YES;
				IPHONEOS_DEPLOYMENT_TARGET = 15.0;
				MTL_ENABLE_DEBUG_INFO = INCLUDE_SOURCE;
				MTL_FAST_MATH = YES;
				ONLY_ACTIVE_ARCH = YES;
				SDKROOT = iphoneos;
				SWIFT_ACTIVE_COMPILATION_CONDITIONS = DEBUG;
				SWIFT_OPTIMIZATION_LEVEL = "-Onone";
			};
			name = Debug;
		};
		E2F7ED64220B54D700D63515 /* Release */ = {
			isa = XCBuildConfiguration;
			buildSettings = {
				ALWAYS_SEARCH_USER_PATHS = NO;
				CLANG_ANALYZER_LOCALIZABILITY_NONLOCALIZED = YES;
				CLANG_ANALYZER_NONNULL = YES;
				CLANG_ANALYZER_NUMBER_OBJECT_CONVERSION = YES_AGGRESSIVE;
				CLANG_CXX_LANGUAGE_STANDARD = "gnu++20";
				CLANG_CXX_LIBRARY = "libc++";
				CLANG_ENABLE_MODULES = YES;
				CLANG_ENABLE_OBJC_ARC = YES;
				CLANG_ENABLE_OBJC_WEAK = YES;
				CLANG_WARN_BLOCK_CAPTURE_AUTORELEASING = YES;
				CLANG_WARN_BOOL_CONVERSION = YES;
				CLANG_WARN_COMMA = YES;
				CLANG_WARN_CONSTANT_CONVERSION = YES;
				CLANG_WARN_DEPRECATED_OBJC_IMPLEMENTATIONS = YES;
				CLANG_WARN_DIRECT_OBJC_ISA_USAGE = YES_ERROR;
				CLANG_WARN_DOCUMENTATION_COMMENTS = YES;
				CLANG_WARN_EMPTY_BODY = YES;
				CLANG_WARN_ENUM_CONVERSION = YES;
				CLANG_WARN_INFINITE_RECURSION = YES;
				CLANG_WARN_INT_CONVERSION = YES;
				CLANG_WARN_NON_LITERAL_NULL_CONVERSION = YES;
				CLANG_WARN_OBJC_IMPLICIT_RETAIN_SELF = YES;
				CLANG_WARN_OBJC_LITERAL_CONVERSION = YES;
				CLANG_WARN_OBJC_ROOT_CLASS = YES_ERROR;
				CLANG_WARN_QUOTED_INCLUDE_IN_FRAMEWORK_HEADER = YES;
				CLANG_WARN_RANGE_LOOP_ANALYSIS = YES;
				CLANG_WARN_STRICT_PROTOTYPES = YES;
				CLANG_WARN_SUSPICIOUS_MOVE = YES;
				CLANG_WARN_UNGUARDED_AVAILABILITY = YES_AGGRESSIVE;
				CLANG_WARN_UNREACHABLE_CODE = YES;
				CLANG_WARN__DUPLICATE_METHOD_MATCH = YES;
				COPY_PHASE_STRIP = NO;
				DEBUG_INFORMATION_FORMAT = "dwarf-with-dsym";
				DEVELOPMENT_TEAM = 5LS6X97G6J;
				ENABLE_NS_ASSERTIONS = NO;
				ENABLE_STRICT_OBJC_MSGSEND = YES;
				GCC_C_LANGUAGE_STANDARD = gnu17;
				GCC_NO_COMMON_BLOCKS = YES;
				GCC_WARN_64_TO_32_BIT_CONVERSION = YES;
				GCC_WARN_ABOUT_RETURN_TYPE = YES_ERROR;
				GCC_WARN_UNDECLARED_SELECTOR = YES;
				GCC_WARN_UNINITIALIZED_AUTOS = YES_AGGRESSIVE;
				GCC_WARN_UNUSED_FUNCTION = YES;
				GCC_WARN_UNUSED_VARIABLE = YES;
				IPHONEOS_DEPLOYMENT_TARGET = 15.0;
				MTL_ENABLE_DEBUG_INFO = NO;
				MTL_FAST_MATH = YES;
				SDKROOT = iphoneos;
				SWIFT_COMPILATION_MODE = wholemodule;
				SWIFT_OPTIMIZATION_LEVEL = "-O";
				VALIDATE_PRODUCT = YES;
			};
			name = Release;
		};
		E2F7ED66220B54D700D63515 /* Debug */ = {
			isa = XCBuildConfiguration;
			buildSettings = {
				ASSETCATALOG_COMPILER_APPICON_NAME = AppIcon;
				BUNDLE_DISPLAY_NAME = OpenDocumentReader;
				CLANG_CXX_LANGUAGE_STANDARD = "gnu++20";
				CLANG_ENABLE_MODULES = YES;
				CODE_SIGN_STYLE = Automatic;
				CURRENT_PROJECT_VERSION = 1;
				DEBUG_INFORMATION_FORMAT = "dwarf-with-dsym";
				DEFINES_MODULE = YES;
				ENABLE_BITCODE = NO;
				ENABLE_MODULE_VERIFIER = YES;
				ENABLE_USER_SCRIPT_SANDBOXING = NO;
				INFOPLIST_FILE = configs/full/Info.plist;
				INFOPLIST_KEY_CFBundleDisplayName = "OpenDocument Reader";
				INFOPLIST_KEY_LSApplicationCategoryType = "public.app-category.productivity";
				LD_RUNPATH_SEARCH_PATHS = (
					"$(inherited)",
					"@executable_path/Frameworks",
				);
				MARKETING_VERSION = 0.0.0;
				MODULE_VERIFIER_SUPPORTED_LANGUAGE_STANDARDS = "gnu17 gnu++20";
				ONLY_ACTIVE_ARCH = YES;
				PRODUCT_BUNDLE_IDENTIFIER = at.tomtasche.reader;
				PRODUCT_NAME = "$(BUNDLE_DISPLAY_NAME)";
				SUPPORTED_PLATFORMS = "iphoneos iphonesimulator";
				SUPPORTS_MACCATALYST = NO;
				SWIFT_OPTIMIZATION_LEVEL = "-Onone";
				SWIFT_VERSION = 5.0;
				TARGETED_DEVICE_FAMILY = "1,2";
			};
			name = Debug;
		};
		E2F7ED67220B54D700D63515 /* Release */ = {
			isa = XCBuildConfiguration;
			buildSettings = {
				ASSETCATALOG_COMPILER_APPICON_NAME = AppIcon;
				BUNDLE_DISPLAY_NAME = OpenDocumentReader;
				CLANG_CXX_LANGUAGE_STANDARD = "gnu++20";
				CLANG_ENABLE_MODULES = YES;
				CODE_SIGN_STYLE = Automatic;
				CURRENT_PROJECT_VERSION = 1;
				DEFINES_MODULE = YES;
				ENABLE_BITCODE = NO;
				ENABLE_MODULE_VERIFIER = YES;
				ENABLE_USER_SCRIPT_SANDBOXING = NO;
				INFOPLIST_FILE = configs/full/Info.plist;
				INFOPLIST_KEY_CFBundleDisplayName = "OpenDocument Reader";
				INFOPLIST_KEY_LSApplicationCategoryType = "public.app-category.productivity";
				LD_RUNPATH_SEARCH_PATHS = (
					"$(inherited)",
					"@executable_path/Frameworks",
				);
				MARKETING_VERSION = 0.0.0;
				MODULE_VERIFIER_SUPPORTED_LANGUAGE_STANDARDS = "gnu17 gnu++20";
				PRODUCT_BUNDLE_IDENTIFIER = at.tomtasche.reader;
				PRODUCT_NAME = "$(BUNDLE_DISPLAY_NAME)";
				SUPPORTED_PLATFORMS = "iphoneos iphonesimulator";
				SUPPORTS_MACCATALYST = NO;
				SWIFT_VERSION = 5.0;
				TARGETED_DEVICE_FAMILY = "1,2";
			};
			name = Release;
		};
/* End XCBuildConfiguration section */

/* Begin XCConfigurationList section */
		A11E00000000000000000005 /* Build configuration list for PBXNativeTarget "OpenDocumentReader Lite" */ = {
			isa = XCConfigurationList;
			buildConfigurations = (
				A11E00000000000000000006 /* Debug */,
				A11E00000000000000000007 /* Release */,
			);
			defaultConfigurationIsVisible = 0;
			defaultConfigurationName = Release;
		};
		E22B25332557F0E2001D0C52 /* Build configuration list for PBXNativeTarget "OpenDocumentReaderTests" */ = {
			isa = XCConfigurationList;
			buildConfigurations = (
				E22B25342557F0E2001D0C52 /* Debug */,
				E22B25362557F0E2001D0C52 /* Release */,
			);
			defaultConfigurationIsVisible = 0;
			defaultConfigurationName = Release;
		};
		E2F7ED4A220B54D600D63515 /* Build configuration list for PBXProject "OpenDocumentReader" */ = {
			isa = XCConfigurationList;
			buildConfigurations = (
				E2F7ED63220B54D700D63515 /* Debug */,
				E2F7ED64220B54D700D63515 /* Release */,
			);
			defaultConfigurationIsVisible = 0;
			defaultConfigurationName = Release;
		};
		E2F7ED65220B54D700D63515 /* Build configuration list for PBXNativeTarget "OpenDocumentReader" */ = {
			isa = XCConfigurationList;
			buildConfigurations = (
				E2F7ED66220B54D700D63515 /* Debug */,
				E2F7ED67220B54D700D63515 /* Release */,
			);
			defaultConfigurationIsVisible = 0;
			defaultConfigurationName = Release;
		};
/* End XCConfigurationList section */

/* Begin XCRemoteSwiftPackageReference section */
		78200B97C10509E2539B4FE5 /* XCRemoteSwiftPackageReference "OpenDocument.core" */ = {
			isa = XCRemoteSwiftPackageReference;
			repositoryURL = "https://github.com/opendocument-app/OpenDocument.core.git";
			requirement = {
				kind = upToNextMajorVersion;
				minimumVersion = 6.7.1;
			};
		};
		AD584FCD41577C8CDEE974AA /* XCRemoteSwiftPackageReference "swift-package-manager-google-mobile-ads" */ = {
			isa = XCRemoteSwiftPackageReference;
			repositoryURL = "https://github.com/googleads/swift-package-manager-google-mobile-ads.git";
			requirement = {
				kind = upToNextMajorVersion;
				minimumVersion = 13.7.0;
			};
		};
		C0A5E1100000000000000003 /* XCRemoteSwiftPackageReference "swift-package-manager-google-user-messaging-platform" */ = {
			isa = XCRemoteSwiftPackageReference;
			repositoryURL = "https://github.com/googleads/swift-package-manager-google-user-messaging-platform.git";
			requirement = {
				kind = upToNextMajorVersion;
				minimumVersion = 3.1.0;
			};
		};
/* End XCRemoteSwiftPackageReference section */

/* Begin XCSwiftPackageProductDependency section */
		A11E0000000000000000000C /* GoogleMobileAds */ = {
			isa = XCSwiftPackageProductDependency;
			package = AD584FCD41577C8CDEE974AA /* XCRemoteSwiftPackageReference "swift-package-manager-google-mobile-ads" */;
			productName = GoogleMobileAds;
		};
		A11E0000000000000000000D /* GoogleUserMessagingPlatform */ = {
			isa = XCSwiftPackageProductDependency;
			package = C0A5E1100000000000000003 /* XCRemoteSwiftPackageReference "swift-package-manager-google-user-messaging-platform" */;
			productName = GoogleUserMessagingPlatform;
		};
		A11E0000000000000000000E /* OdrCore */ = {
			isa = XCSwiftPackageProductDependency;
			package = 78200B97C10509E2539B4FE5 /* XCRemoteSwiftPackageReference "OpenDocument.core" */;
			productName = OdrCore;
		};
		E381918B979121CD165C966A /* OdrCore */ = {
			isa = XCSwiftPackageProductDependency;
			package = 78200B97C10509E2539B4FE5 /* XCRemoteSwiftPackageReference "OpenDocument.core" */;
			productName = OdrCore;
		};
/* End XCSwiftPackageProductDependency section */
	};
	rootObject = E2F7ED47220B54D600D63515 /* Project object */;
}
