// !$*UTF8*$!
{
	archiveVersion = 1;
	classes = {
	};
	objectVersion = 51;
	objects = {

/* Begin PBXBuildFile section */
		21E6C5303C9ED8A9A9317BEC /* Pods_OpenDocumentReader.framework in Frameworks */ = {isa = PBXBuildFile; fileRef = EF00F649A86477A6C27F07C0 /* Pods_OpenDocumentReader.framework */; };
		AC384BCD23B4FFA700C7BF47 /* ContentViewController.swift in Sources */ = {isa = PBXBuildFile; fileRef = AC384BC923B4FFA700C7BF47 /* ContentViewController.swift */; };
		AC384BCE23B4FFA700C7BF47 /* Constants.swift in Sources */ = {isa = PBXBuildFile; fileRef = AC384BCA23B4FFA700C7BF47 /* Constants.swift */; };
		AC384BCF23B4FFA700C7BF47 /* PageViewController.swift in Sources */ = {isa = PBXBuildFile; fileRef = AC384BCB23B4FFA700C7BF47 /* PageViewController.swift */; };
		E2064DFE22CFA1BA006441F8 /* iAd.framework in Frameworks */ = {isa = PBXBuildFile; fileRef = E2064DDF22CFA1BA006441F8 /* iAd.framework */; };
		E22EB716226B621200053B86 /* DocumentBrowserTransitioningDelegate.swift in Sources */ = {isa = PBXBuildFile; fileRef = E22EB6F7226B621200053B86 /* DocumentBrowserTransitioningDelegate.swift */; };
		E22EB718226B633500053B86 /* Document.swift in Sources */ = {isa = PBXBuildFile; fileRef = E22EB717226B633500053B86 /* Document.swift */; };
		E22EB71A226B65E300053B86 /* DocumentViewController.swift in Sources */ = {isa = PBXBuildFile; fileRef = E22EB719226B65E300053B86 /* DocumentViewController.swift */; };
		E22EB71C226B66B300053B86 /* Main.storyboard in Resources */ = {isa = PBXBuildFile; fileRef = E22EB71B226B66B300053B86 /* Main.storyboard */; };
		E23795302274844400BA7238 /* AdSupport.framework in Frameworks */ = {isa = PBXBuildFile; fileRef = E237952F2274844400BA7238 /* AdSupport.framework */; };
		E26C392C2250D926009C484A /* libglog.a in Frameworks */ = {isa = PBXBuildFile; fileRef = E26C39172250D91C009C484A /* libglog.a */; };
		E26C392D2250D926009C484A /* libminiz.a in Frameworks */ = {isa = PBXBuildFile; fileRef = E26C391B2250D91C009C484A /* libminiz.a */; };
		E26C392E2250D926009C484A /* libodrlib.a in Frameworks */ = {isa = PBXBuildFile; fileRef = E26C391D2250D91C009C484A /* libodrlib.a */; };
		E26C39392250DC6E009C484A /* WebKit.framework in Frameworks */ = {isa = PBXBuildFile; fileRef = E26C39382250DC6E009C484A /* WebKit.framework */; };
		E29E4077225A4672002C06E6 /* GoogleService-Info.plist in Resources */ = {isa = PBXBuildFile; fileRef = E29E4076225A4672002C06E6 /* GoogleService-Info.plist */; };
		E2A3EE742259FA3100511BD2 /* libtinyxml2.a in Frameworks */ = {isa = PBXBuildFile; fileRef = E26C39292250D91C009C484A /* libtinyxml2.a */; };
		E2C008FA220F1CF80097C594 /* CoreWrapper.mm in Sources */ = {isa = PBXBuildFile; fileRef = E2C008F9220F1CF80097C594 /* CoreWrapper.mm */; };
		E2D0B3D9226D945400534FCC /* StoreReviewHelper.swift in Sources */ = {isa = PBXBuildFile; fileRef = E2D0B3D8226D945400534FCC /* StoreReviewHelper.swift */; };
		E2D920F0226B1C7D0042A774 /* libcryptopp-object.a in Frameworks */ = {isa = PBXBuildFile; fileRef = E2CDC4BD226A407500E9FCED /* libcryptopp-object.a */; };
		E2F7ED53220B54D600D63515 /* AppDelegate.swift in Sources */ = {isa = PBXBuildFile; fileRef = E2F7ED52220B54D600D63515 /* AppDelegate.swift */; };
		E2F7ED55220B54D600D63515 /* DocumentBrowserViewController.swift in Sources */ = {isa = PBXBuildFile; fileRef = E2F7ED54220B54D600D63515 /* DocumentBrowserViewController.swift */; };
		E2F7ED5E220B54D700D63515 /* Assets.xcassets in Resources */ = {isa = PBXBuildFile; fileRef = E2F7ED5D220B54D700D63515 /* Assets.xcassets */; };
		E2F7ED61220B54D700D63515 /* LaunchScreen.storyboard in Resources */ = {isa = PBXBuildFile; fileRef = E2F7ED5F220B54D700D63515 /* LaunchScreen.storyboard */; };
/* End PBXBuildFile section */

/* Begin PBXContainerItemProxy section */
		E26C39082250D91C009C484A /* PBXContainerItemProxy */ = {
			isa = PBXContainerItemProxy;
			containerPortal = E26C38EA2250D91C009C484A /* odr.xcodeproj */;
			proxyType = 2;
			remoteGlobalIDString = 6E2B12CED9D64BEC93339963;
			remoteInfo = demangle_unittest;
		};
		E26C390A2250D91C009C484A /* PBXContainerItemProxy */ = {
			isa = PBXContainerItemProxy;
			containerPortal = E26C38EA2250D91C009C484A /* odr.xcodeproj */;
			proxyType = 2;
			remoteGlobalIDString = 7382D125EC9E4E4BA0173192;
			remoteInfo = example1;
		};
		E26C390C2250D91C009C484A /* PBXContainerItemProxy */ = {
			isa = PBXContainerItemProxy;
			containerPortal = E26C38EA2250D91C009C484A /* odr.xcodeproj */;
			proxyType = 2;
			remoteGlobalIDString = 9E8CC868858E41E08B023864;
			remoteInfo = example2;
		};
		E26C390E2250D91C009C484A /* PBXContainerItemProxy */ = {
			isa = PBXContainerItemProxy;
			containerPortal = E26C38EA2250D91C009C484A /* odr.xcodeproj */;
			proxyType = 2;
			remoteGlobalIDString = D1AEFA16B50F45F9B9187431;
			remoteInfo = example3;
		};
		E26C39102250D91C009C484A /* PBXContainerItemProxy */ = {
			isa = PBXContainerItemProxy;
			containerPortal = E26C38EA2250D91C009C484A /* odr.xcodeproj */;
			proxyType = 2;
			remoteGlobalIDString = 896E476F78FA4E5397CB1A0A;
			remoteInfo = example4;
		};
		E26C39122250D91C009C484A /* PBXContainerItemProxy */ = {
			isa = PBXContainerItemProxy;
			containerPortal = E26C38EA2250D91C009C484A /* odr.xcodeproj */;
			proxyType = 2;
			remoteGlobalIDString = D5FF3C71A0E74769816BFA0E;
			remoteInfo = example5;
		};
		E26C39142250D91C009C484A /* PBXContainerItemProxy */ = {
			isa = PBXContainerItemProxy;
			containerPortal = E26C38EA2250D91C009C484A /* odr.xcodeproj */;
			proxyType = 2;
			remoteGlobalIDString = AA43423DA5E1400E9281904F;
			remoteInfo = example6;
		};
		E26C39162250D91C009C484A /* PBXContainerItemProxy */ = {
			isa = PBXContainerItemProxy;
			containerPortal = E26C38EA2250D91C009C484A /* odr.xcodeproj */;
			proxyType = 2;
			remoteGlobalIDString = 6ED6444089C4415CB22B29EE;
			remoteInfo = glog;
		};
		E26C39182250D91C009C484A /* PBXContainerItemProxy */ = {
			isa = PBXContainerItemProxy;
			containerPortal = E26C38EA2250D91C009C484A /* odr.xcodeproj */;
			proxyType = 2;
			remoteGlobalIDString = E59F6D56B9934D84999A242C;
			remoteInfo = logging_unittest;
		};
		E26C391A2250D91C009C484A /* PBXContainerItemProxy */ = {
			isa = PBXContainerItemProxy;
			containerPortal = E26C38EA2250D91C009C484A /* odr.xcodeproj */;
			proxyType = 2;
			remoteGlobalIDString = 0AB486F4EB34484CB913AE70;
			remoteInfo = miniz;
		};
		E26C391C2250D91C009C484A /* PBXContainerItemProxy */ = {
			isa = PBXContainerItemProxy;
			containerPortal = E26C38EA2250D91C009C484A /* odr.xcodeproj */;
			proxyType = 2;
			remoteGlobalIDString = 345CB4562C8F4C2C95C40A55;
			remoteInfo = odrlib;
		};
		E26C391E2250D91C009C484A /* PBXContainerItemProxy */ = {
			isa = PBXContainerItemProxy;
			containerPortal = E26C38EA2250D91C009C484A /* odr.xcodeproj */;
			proxyType = 2;
			remoteGlobalIDString = 1CDA4E65CBCB45B3856CC8A8;
			remoteInfo = odrtests;
		};
		E26C39202250D91C009C484A /* PBXContainerItemProxy */ = {
			isa = PBXContainerItemProxy;
			containerPortal = E26C38EA2250D91C009C484A /* odr.xcodeproj */;
			proxyType = 2;
			remoteGlobalIDString = 07B8D6956815411FA61BD170;
			remoteInfo = signalhandler_unittest;
		};
		E26C39222250D91C009C484A /* PBXContainerItemProxy */ = {
			isa = PBXContainerItemProxy;
			containerPortal = E26C38EA2250D91C009C484A /* odr.xcodeproj */;
			proxyType = 2;
			remoteGlobalIDString = EABFC54A50024D76BD804D55;
			remoteInfo = stacktrace_unittest;
		};
		E26C39242250D91C009C484A /* PBXContainerItemProxy */ = {
			isa = PBXContainerItemProxy;
			containerPortal = E26C38EA2250D91C009C484A /* odr.xcodeproj */;
			proxyType = 2;
			remoteGlobalIDString = 7C2779C4F7BE45BA9EDE0112;
			remoteInfo = stl_logging_unittest;
		};
		E26C39262250D91C009C484A /* PBXContainerItemProxy */ = {
			isa = PBXContainerItemProxy;
			containerPortal = E26C38EA2250D91C009C484A /* odr.xcodeproj */;
			proxyType = 2;
			remoteGlobalIDString = 0BE92034E1A74B30B2EA7438;
			remoteInfo = symbolize_unittest;
		};
		E26C39282250D91C009C484A /* PBXContainerItemProxy */ = {
			isa = PBXContainerItemProxy;
			containerPortal = E26C38EA2250D91C009C484A /* odr.xcodeproj */;
			proxyType = 2;
			remoteGlobalIDString = 6F1EEDA475E54B24980CE6D3;
			remoteInfo = tinyxml2;
		};
		E26C392A2250D91C009C484A /* PBXContainerItemProxy */ = {
			isa = PBXContainerItemProxy;
			containerPortal = E26C38EA2250D91C009C484A /* odr.xcodeproj */;
			proxyType = 2;
			remoteGlobalIDString = 2A320678DC854B8DBA5191E6;
			remoteInfo = utilities_unittest;
		};
		E26C39302250D976009C484A /* PBXContainerItemProxy */ = {
			isa = PBXContainerItemProxy;
			containerPortal = E26C38EA2250D91C009C484A /* odr.xcodeproj */;
			proxyType = 1;
			remoteGlobalIDString = 203F5B58C30A4747B3EA3806;
			remoteInfo = glog;
		};
		E26C39322250D976009C484A /* PBXContainerItemProxy */ = {
			isa = PBXContainerItemProxy;
			containerPortal = E26C38EA2250D91C009C484A /* odr.xcodeproj */;
			proxyType = 1;
			remoteGlobalIDString = 6AE673E2FD81491E971C570E;
			remoteInfo = miniz;
		};
		E26C39342250D976009C484A /* PBXContainerItemProxy */ = {
			isa = PBXContainerItemProxy;
			containerPortal = E26C38EA2250D91C009C484A /* odr.xcodeproj */;
			proxyType = 1;
			remoteGlobalIDString = 5BE314B7DF3F42D386FE273C;
			remoteInfo = odrlib;
		};
		E26C39362250D976009C484A /* PBXContainerItemProxy */ = {
			isa = PBXContainerItemProxy;
			containerPortal = E26C38EA2250D91C009C484A /* odr.xcodeproj */;
			proxyType = 1;
			remoteGlobalIDString = 2933A9A9810A4C6595AA3978;
			remoteInfo = tinyxml2;
		};
		E29A02212365EF7800BD6A96 /* PBXContainerItemProxy */ = {
			isa = PBXContainerItemProxy;
			containerPortal = E26C38EA2250D91C009C484A /* odr.xcodeproj */;
			proxyType = 2;
			remoteGlobalIDString = 48C1E359B46B47C5B2EC8386;
			remoteInfo = gmock;
		};
		E29A02232365EF7800BD6A96 /* PBXContainerItemProxy */ = {
			isa = PBXContainerItemProxy;
			containerPortal = E26C38EA2250D91C009C484A /* odr.xcodeproj */;
			proxyType = 2;
			remoteGlobalIDString = C9C0C7A13E604FABAB50807E;
			remoteInfo = gmock_main;
		};
		E29A02252365EF7800BD6A96 /* PBXContainerItemProxy */ = {
			isa = PBXContainerItemProxy;
			containerPortal = E26C38EA2250D91C009C484A /* odr.xcodeproj */;
			proxyType = 2;
			remoteGlobalIDString = 4A3FBC799E3946AFBC52340F;
			remoteInfo = gtest;
		};
		E29A02272365EF7800BD6A96 /* PBXContainerItemProxy */ = {
			isa = PBXContainerItemProxy;
			containerPortal = E26C38EA2250D91C009C484A /* odr.xcodeproj */;
			proxyType = 2;
			remoteGlobalIDString = 9A974A6917734F869FAF1CC6;
			remoteInfo = gtest_main;
		};
		E29A02292365EF7800BD6A96 /* PBXContainerItemProxy */ = {
			isa = PBXContainerItemProxy;
			containerPortal = E26C38EA2250D91C009C484A /* odr.xcodeproj */;
			proxyType = 2;
			remoteGlobalIDString = 2A920CCD2EC04ED8BF0FCC37;
			remoteInfo = odrmain;
		};
		E2B0BC5723C3B4A6007C7960 /* PBXContainerItemProxy */ = {
			isa = PBXContainerItemProxy;
			containerPortal = E26C38EA2250D91C009C484A /* odr.xcodeproj */;
			proxyType = 2;
			remoteGlobalIDString = 64B680137BD743AAA61A4E62;
			remoteInfo = doctest_main;
		};
		E2B0BC5923C3B4A6007C7960 /* PBXContainerItemProxy */ = {
			isa = PBXContainerItemProxy;
			containerPortal = E26C38EA2250D91C009C484A /* odr.xcodeproj */;
			proxyType = 2;
			remoteGlobalIDString = E49B9411C17D4FBCA7BAD72D;
			remoteInfo = "test-algorithms";
		};
		E2B0BC5B23C3B4A6007C7960 /* PBXContainerItemProxy */ = {
			isa = PBXContainerItemProxy;
			containerPortal = E26C38EA2250D91C009C484A /* odr.xcodeproj */;
			proxyType = 2;
			remoteGlobalIDString = F0DF483AD9934D16997C4749;
			remoteInfo = "test-allocator";
		};
		E2B0BC5D23C3B4A6007C7960 /* PBXContainerItemProxy */ = {
			isa = PBXContainerItemProxy;
			containerPortal = E26C38EA2250D91C009C484A /* odr.xcodeproj */;
			proxyType = 2;
			remoteGlobalIDString = E745F9900E8B4B3B8360944C;
			remoteInfo = "test-alt-string";
		};
		E2B0BC5F23C3B4A6007C7960 /* PBXContainerItemProxy */ = {
			isa = PBXContainerItemProxy;
			containerPortal = E26C38EA2250D91C009C484A /* odr.xcodeproj */;
			proxyType = 2;
			remoteGlobalIDString = 14451C02746047288DDADC5A;
			remoteInfo = "test-bson";
		};
		E2B0BC6123C3B4A6007C7960 /* PBXContainerItemProxy */ = {
			isa = PBXContainerItemProxy;
			containerPortal = E26C38EA2250D91C009C484A /* odr.xcodeproj */;
			proxyType = 2;
			remoteGlobalIDString = 506532FB0F174D2C90F3929F;
			remoteInfo = "test-capacity";
		};
		E2B0BC6323C3B4A6007C7960 /* PBXContainerItemProxy */ = {
			isa = PBXContainerItemProxy;
			containerPortal = E26C38EA2250D91C009C484A /* odr.xcodeproj */;
			proxyType = 2;
			remoteGlobalIDString = A55F219F662B4FD59405E74B;
			remoteInfo = "test-cbor";
		};
		E2B0BC6523C3B4A6007C7960 /* PBXContainerItemProxy */ = {
			isa = PBXContainerItemProxy;
			containerPortal = E26C38EA2250D91C009C484A /* odr.xcodeproj */;
			proxyType = 2;
			remoteGlobalIDString = 75DC0EBA3E9A4DC1A688EBB6;
			remoteInfo = "test-class_const_iterator";
		};
		E2B0BC6723C3B4A6007C7960 /* PBXContainerItemProxy */ = {
			isa = PBXContainerItemProxy;
			containerPortal = E26C38EA2250D91C009C484A /* odr.xcodeproj */;
			proxyType = 2;
			remoteGlobalIDString = 279DF4E706124BACA2DE7923;
			remoteInfo = "test-class_iterator";
		};
		E2B0BC6923C3B4A6007C7960 /* PBXContainerItemProxy */ = {
			isa = PBXContainerItemProxy;
			containerPortal = E26C38EA2250D91C009C484A /* odr.xcodeproj */;
			proxyType = 2;
			remoteGlobalIDString = 2CCD2D8B87B44505893C633D;
			remoteInfo = "test-class_lexer";
		};
		E2B0BC6B23C3B4A6007C7960 /* PBXContainerItemProxy */ = {
			isa = PBXContainerItemProxy;
			containerPortal = E26C38EA2250D91C009C484A /* odr.xcodeproj */;
			proxyType = 2;
			remoteGlobalIDString = A4A4F57D22A04C21A51EFCEE;
			remoteInfo = "test-class_parser";
		};
		E2B0BC6D23C3B4A6007C7960 /* PBXContainerItemProxy */ = {
			isa = PBXContainerItemProxy;
			containerPortal = E26C38EA2250D91C009C484A /* odr.xcodeproj */;
			proxyType = 2;
			remoteGlobalIDString = 7EDC13DB3CC84DAF995CDB82;
			remoteInfo = "test-comparison";
		};
		E2B0BC6F23C3B4A6007C7960 /* PBXContainerItemProxy */ = {
			isa = PBXContainerItemProxy;
			containerPortal = E26C38EA2250D91C009C484A /* odr.xcodeproj */;
			proxyType = 2;
			remoteGlobalIDString = 862ABE4199A140B695FFF1E2;
			remoteInfo = "test-concepts";
		};
		E2B0BC7123C3B4A6007C7960 /* PBXContainerItemProxy */ = {
			isa = PBXContainerItemProxy;
			containerPortal = E26C38EA2250D91C009C484A /* odr.xcodeproj */;
			proxyType = 2;
			remoteGlobalIDString = EECAADD1E0F9417884155F28;
			remoteInfo = "test-constructor1";
		};
		E2B0BC7323C3B4A6007C7960 /* PBXContainerItemProxy */ = {
			isa = PBXContainerItemProxy;
			containerPortal = E26C38EA2250D91C009C484A /* odr.xcodeproj */;
			proxyType = 2;
			remoteGlobalIDString = 83397FAAF89B4172B28F2C18;
			remoteInfo = "test-constructor2";
		};
		E2B0BC7523C3B4A6007C7960 /* PBXContainerItemProxy */ = {
			isa = PBXContainerItemProxy;
			containerPortal = E26C38EA2250D91C009C484A /* odr.xcodeproj */;
			proxyType = 2;
			remoteGlobalIDString = B982AB3A24C54257B179EDE3;
			remoteInfo = "test-convenience";
		};
		E2B0BC7723C3B4A6007C7960 /* PBXContainerItemProxy */ = {
			isa = PBXContainerItemProxy;
			containerPortal = E26C38EA2250D91C009C484A /* odr.xcodeproj */;
			proxyType = 2;
			remoteGlobalIDString = 0048902AA3514571815C8C07;
			remoteInfo = "test-conversions";
		};
		E2B0BC7923C3B4A6007C7960 /* PBXContainerItemProxy */ = {
			isa = PBXContainerItemProxy;
			containerPortal = E26C38EA2250D91C009C484A /* odr.xcodeproj */;
			proxyType = 2;
			remoteGlobalIDString = ECDE946CFC724968AA7D5EE0;
			remoteInfo = "test-deserialization";
		};
		E2B0BC7B23C3B4A6007C7960 /* PBXContainerItemProxy */ = {
			isa = PBXContainerItemProxy;
			containerPortal = E26C38EA2250D91C009C484A /* odr.xcodeproj */;
			proxyType = 2;
			remoteGlobalIDString = 21880137D5F24479B5F0517B;
			remoteInfo = "test-element_access1";
		};
		E2B0BC7D23C3B4A6007C7960 /* PBXContainerItemProxy */ = {
			isa = PBXContainerItemProxy;
			containerPortal = E26C38EA2250D91C009C484A /* odr.xcodeproj */;
			proxyType = 2;
			remoteGlobalIDString = FB65A02B8EF64F839B60354C;
			remoteInfo = "test-element_access2";
		};
		E2B0BC7F23C3B4A6007C7960 /* PBXContainerItemProxy */ = {
			isa = PBXContainerItemProxy;
			containerPortal = E26C38EA2250D91C009C484A /* odr.xcodeproj */;
			proxyType = 2;
			remoteGlobalIDString = 079B5C021CD64A63BA280C23;
			remoteInfo = "test-inspection";
		};
		E2B0BC8123C3B4A6007C7960 /* PBXContainerItemProxy */ = {
			isa = PBXContainerItemProxy;
			containerPortal = E26C38EA2250D91C009C484A /* odr.xcodeproj */;
			proxyType = 2;
			remoteGlobalIDString = AAE1F9B4DA9F4918B705DBAA;
			remoteInfo = "test-items";
		};
		E2B0BC8323C3B4A6007C7960 /* PBXContainerItemProxy */ = {
			isa = PBXContainerItemProxy;
			containerPortal = E26C38EA2250D91C009C484A /* odr.xcodeproj */;
			proxyType = 2;
			remoteGlobalIDString = DFB4AAAE0C3441C4B37CE93A;
			remoteInfo = "test-iterators1";
		};
		E2B0BC8523C3B4A6007C7960 /* PBXContainerItemProxy */ = {
			isa = PBXContainerItemProxy;
			containerPortal = E26C38EA2250D91C009C484A /* odr.xcodeproj */;
			proxyType = 2;
			remoteGlobalIDString = 77352534489D4C249A377530;
			remoteInfo = "test-iterators2";
		};
		E2B0BC8723C3B4A6007C7960 /* PBXContainerItemProxy */ = {
			isa = PBXContainerItemProxy;
			containerPortal = E26C38EA2250D91C009C484A /* odr.xcodeproj */;
			proxyType = 2;
			remoteGlobalIDString = 8BA3C7ECA35C4CD4B34FD85E;
			remoteInfo = "test-json_patch";
		};
		E2B0BC8923C3B4A6007C7960 /* PBXContainerItemProxy */ = {
			isa = PBXContainerItemProxy;
			containerPortal = E26C38EA2250D91C009C484A /* odr.xcodeproj */;
			proxyType = 2;
			remoteGlobalIDString = BB10A33E31FE4C0A80A4DA82;
			remoteInfo = "test-json_pointer";
		};
		E2B0BC8B23C3B4A6007C7960 /* PBXContainerItemProxy */ = {
			isa = PBXContainerItemProxy;
			containerPortal = E26C38EA2250D91C009C484A /* odr.xcodeproj */;
			proxyType = 2;
			remoteGlobalIDString = F3550160C4D44F47B70BCFA0;
			remoteInfo = "test-large_json";
		};
		E2B0BC8D23C3B4A6007C7960 /* PBXContainerItemProxy */ = {
			isa = PBXContainerItemProxy;
			containerPortal = E26C38EA2250D91C009C484A /* odr.xcodeproj */;
			proxyType = 2;
			remoteGlobalIDString = D7BD1A920A264FC0BBF7B8E9;
			remoteInfo = "test-merge_patch";
		};
		E2B0BC8F23C3B4A6007C7960 /* PBXContainerItemProxy */ = {
			isa = PBXContainerItemProxy;
			containerPortal = E26C38EA2250D91C009C484A /* odr.xcodeproj */;
			proxyType = 2;
			remoteGlobalIDString = 30B35EDBB6B448E4BD051461;
			remoteInfo = "test-meta";
		};
		E2B0BC9123C3B4A6007C7960 /* PBXContainerItemProxy */ = {
			isa = PBXContainerItemProxy;
			containerPortal = E26C38EA2250D91C009C484A /* odr.xcodeproj */;
			proxyType = 2;
			remoteGlobalIDString = 60EA143D4D334CE4B2697A69;
			remoteInfo = "test-modifiers";
		};
		E2B0BC9323C3B4A6007C7960 /* PBXContainerItemProxy */ = {
			isa = PBXContainerItemProxy;
			containerPortal = E26C38EA2250D91C009C484A /* odr.xcodeproj */;
			proxyType = 2;
			remoteGlobalIDString = 1695CD466F684A989431A9EB;
			remoteInfo = "test-msgpack";
		};
		E2B0BC9523C3B4A6007C7960 /* PBXContainerItemProxy */ = {
			isa = PBXContainerItemProxy;
			containerPortal = E26C38EA2250D91C009C484A /* odr.xcodeproj */;
			proxyType = 2;
			remoteGlobalIDString = EA9E0F6ECB514642BB2A1A81;
			remoteInfo = "test-noexcept";
		};
		E2B0BC9723C3B4A6007C7960 /* PBXContainerItemProxy */ = {
			isa = PBXContainerItemProxy;
			containerPortal = E26C38EA2250D91C009C484A /* odr.xcodeproj */;
			proxyType = 2;
			remoteGlobalIDString = B7E4BE6318EF4425AA24F9FE;
			remoteInfo = "test-pointer_access";
		};
		E2B0BC9923C3B4A6007C7960 /* PBXContainerItemProxy */ = {
			isa = PBXContainerItemProxy;
			containerPortal = E26C38EA2250D91C009C484A /* odr.xcodeproj */;
			proxyType = 2;
			remoteGlobalIDString = C6FFD9C8D5D74E39849F9680;
			remoteInfo = "test-readme";
		};
		E2B0BC9B23C3B4A6007C7960 /* PBXContainerItemProxy */ = {
			isa = PBXContainerItemProxy;
			containerPortal = E26C38EA2250D91C009C484A /* odr.xcodeproj */;
			proxyType = 2;
			remoteGlobalIDString = 6A66B5C8D61B4FAF87DB1BC9;
			remoteInfo = "test-reference_access";
		};
		E2B0BC9D23C3B4A6007C7960 /* PBXContainerItemProxy */ = {
			isa = PBXContainerItemProxy;
			containerPortal = E26C38EA2250D91C009C484A /* odr.xcodeproj */;
			proxyType = 2;
			remoteGlobalIDString = 1D583FC89CD54AFE9B28603F;
			remoteInfo = "test-regression";
		};
		E2B0BC9F23C3B4A6007C7960 /* PBXContainerItemProxy */ = {
			isa = PBXContainerItemProxy;
			containerPortal = E26C38EA2250D91C009C484A /* odr.xcodeproj */;
			proxyType = 2;
			remoteGlobalIDString = 312508608C2D40F08FA3757E;
			remoteInfo = "test-serialization";
		};
		E2B0BCA123C3B4A6007C7960 /* PBXContainerItemProxy */ = {
			isa = PBXContainerItemProxy;
			containerPortal = E26C38EA2250D91C009C484A /* odr.xcodeproj */;
			proxyType = 2;
			remoteGlobalIDString = 1CE615DD3B86461AA4A09D98;
			remoteInfo = "test-testsuites";
		};
		E2B0BCA323C3B4A6007C7960 /* PBXContainerItemProxy */ = {
			isa = PBXContainerItemProxy;
			containerPortal = E26C38EA2250D91C009C484A /* odr.xcodeproj */;
			proxyType = 2;
			remoteGlobalIDString = E12365F4CB974BE0A0EEF751;
			remoteInfo = "test-to_chars";
		};
		E2B0BCA523C3B4A6007C7960 /* PBXContainerItemProxy */ = {
			isa = PBXContainerItemProxy;
			containerPortal = E26C38EA2250D91C009C484A /* odr.xcodeproj */;
			proxyType = 2;
			remoteGlobalIDString = D7B3F4818266470CB6D85BD9;
			remoteInfo = "test-ubjson";
		};
		E2B0BCA723C3B4A6007C7960 /* PBXContainerItemProxy */ = {
			isa = PBXContainerItemProxy;
			containerPortal = E26C38EA2250D91C009C484A /* odr.xcodeproj */;
			proxyType = 2;
			remoteGlobalIDString = 8B4EFC9D549945698686279E;
			remoteInfo = "test-udt";
		};
		E2B0BCA923C3B4A6007C7960 /* PBXContainerItemProxy */ = {
			isa = PBXContainerItemProxy;
			containerPortal = E26C38EA2250D91C009C484A /* odr.xcodeproj */;
			proxyType = 2;
			remoteGlobalIDString = E39AE34EAE754581A61D45DF;
			remoteInfo = "test-unicode";
		};
		E2B0BCAB23C3B4A6007C7960 /* PBXContainerItemProxy */ = {
			isa = PBXContainerItemProxy;
			containerPortal = E26C38EA2250D91C009C484A /* odr.xcodeproj */;
			proxyType = 2;
			remoteGlobalIDString = D422246B690A4401B5E26EC8;
			remoteInfo = "test-wstring";
		};
		E2CDC4BA226A407500E9FCED /* PBXContainerItemProxy */ = {
			isa = PBXContainerItemProxy;
			containerPortal = E26C38EA2250D91C009C484A /* odr.xcodeproj */;
			proxyType = 2;
			remoteGlobalIDString = 6A32E6F03058423EABB7DA69;
			remoteInfo = cryptest;
		};
		E2CDC4BC226A407500E9FCED /* PBXContainerItemProxy */ = {
			isa = PBXContainerItemProxy;
			containerPortal = E26C38EA2250D91C009C484A /* odr.xcodeproj */;
			proxyType = 2;
			remoteGlobalIDString = 7B7DBA4588FB4881B9C19395;
			remoteInfo = "cryptopp-object";
		};
		E2CDC4BE226A407500E9FCED /* PBXContainerItemProxy */ = {
			isa = PBXContainerItemProxy;
			containerPortal = E26C38EA2250D91C009C484A /* odr.xcodeproj */;
			proxyType = 2;
			remoteGlobalIDString = D92A12F6263E4421AACE3E5A;
			remoteInfo = "cryptopp-shared";
		};
		E2CDC4C0226A407500E9FCED /* PBXContainerItemProxy */ = {
			isa = PBXContainerItemProxy;
			containerPortal = E26C38EA2250D91C009C484A /* odr.xcodeproj */;
			proxyType = 2;
			remoteGlobalIDString = 4A280009CAAA4A3CA1C33D3F;
			remoteInfo = "cryptopp-static";
		};
		E2D920CF226B1C4C0042A774 /* PBXContainerItemProxy */ = {
			isa = PBXContainerItemProxy;
			containerPortal = E26C38EA2250D91C009C484A /* odr.xcodeproj */;
			proxyType = 1;
			remoteGlobalIDString = 9CE00313BA304394B8CA6A91;
			remoteInfo = "cryptopp-object";
		};
/* End PBXContainerItemProxy section */

/* Begin PBXFileReference section */
		97704690541D85438FC2079C /* Pods-OpenDocumentReader.release.xcconfig */ = {isa = PBXFileReference; includeInIndex = 1; lastKnownFileType = text.xcconfig; name = "Pods-OpenDocumentReader.release.xcconfig"; path = "Pods/Target Support Files/Pods-OpenDocumentReader/Pods-OpenDocumentReader.release.xcconfig"; sourceTree = "<group>"; };
		AC384BC923B4FFA700C7BF47 /* ContentViewController.swift */ = {isa = PBXFileReference; fileEncoding = 4; lastKnownFileType = sourcecode.swift; path = ContentViewController.swift; sourceTree = "<group>"; };
		AC384BCA23B4FFA700C7BF47 /* Constants.swift */ = {isa = PBXFileReference; fileEncoding = 4; lastKnownFileType = sourcecode.swift; path = Constants.swift; sourceTree = "<group>"; };
		AC384BCB23B4FFA700C7BF47 /* PageViewController.swift */ = {isa = PBXFileReference; fileEncoding = 4; lastKnownFileType = sourcecode.swift; path = PageViewController.swift; sourceTree = "<group>"; };
		B3FCFC99F5757D71C0A3EB11 /* Pods-OpenDocumentReader.debug.xcconfig */ = {isa = PBXFileReference; includeInIndex = 1; lastKnownFileType = text.xcconfig; name = "Pods-OpenDocumentReader.debug.xcconfig"; path = "Pods/Target Support Files/Pods-OpenDocumentReader/Pods-OpenDocumentReader.debug.xcconfig"; sourceTree = "<group>"; };
		E2064DDF22CFA1BA006441F8 /* iAd.framework */ = {isa = PBXFileReference; lastKnownFileType = wrapper.framework; name = iAd.framework; path = System/Library/Frameworks/iAd.framework; sourceTree = SDKROOT; };
		E22EB6F7226B621200053B86 /* DocumentBrowserTransitioningDelegate.swift */ = {isa = PBXFileReference; fileEncoding = 4; lastKnownFileType = sourcecode.swift; path = DocumentBrowserTransitioningDelegate.swift; sourceTree = "<group>"; };
		E22EB717226B633500053B86 /* Document.swift */ = {isa = PBXFileReference; fileEncoding = 4; lastKnownFileType = sourcecode.swift; path = Document.swift; sourceTree = "<group>"; };
		E22EB719226B65E300053B86 /* DocumentViewController.swift */ = {isa = PBXFileReference; fileEncoding = 4; lastKnownFileType = sourcecode.swift; path = DocumentViewController.swift; sourceTree = "<group>"; };
		E22EB71B226B66B300053B86 /* Main.storyboard */ = {isa = PBXFileReference; fileEncoding = 4; lastKnownFileType = file.storyboard; path = Main.storyboard; sourceTree = "<group>"; };
		E237952F2274844400BA7238 /* AdSupport.framework */ = {isa = PBXFileReference; lastKnownFileType = wrapper.framework; name = AdSupport.framework; path = System/Library/Frameworks/AdSupport.framework; sourceTree = SDKROOT; };
		E26C38EA2250D91C009C484A /* odr.xcodeproj */ = {isa = PBXFileReference; lastKnownFileType = "wrapper.pb-project"; name = odr.xcodeproj; path = build/odr.xcodeproj; sourceTree = "<group>"; };
		E26C39382250DC6E009C484A /* WebKit.framework */ = {isa = PBXFileReference; lastKnownFileType = wrapper.framework; name = WebKit.framework; path = System/Library/Frameworks/WebKit.framework; sourceTree = SDKROOT; };
		E29E4076225A4672002C06E6 /* GoogleService-Info.plist */ = {isa = PBXFileReference; fileEncoding = 4; lastKnownFileType = text.plist.xml; path = "GoogleService-Info.plist"; sourceTree = "<group>"; };
		E2BB4B60220EF3A10056176B /* BridgingHeader.h */ = {isa = PBXFileReference; lastKnownFileType = sourcecode.c.h; path = BridgingHeader.h; sourceTree = "<group>"; };
		E2C008F9220F1CF80097C594 /* CoreWrapper.mm */ = {isa = PBXFileReference; lastKnownFileType = sourcecode.cpp.objcpp; path = CoreWrapper.mm; sourceTree = "<group>"; };
		E2C008FC220F1D570097C594 /* CoreWrapper.h */ = {isa = PBXFileReference; lastKnownFileType = sourcecode.c.h; path = CoreWrapper.h; sourceTree = "<group>"; };
		E2D0B3D8226D945400534FCC /* StoreReviewHelper.swift */ = {isa = PBXFileReference; lastKnownFileType = sourcecode.swift; path = StoreReviewHelper.swift; sourceTree = "<group>"; };
		E2F7ED4F220B54D600D63515 /* OpenDocumentReader.app */ = {isa = PBXFileReference; explicitFileType = wrapper.application; includeInIndex = 0; path = OpenDocumentReader.app; sourceTree = BUILT_PRODUCTS_DIR; };
		E2F7ED52220B54D600D63515 /* AppDelegate.swift */ = {isa = PBXFileReference; lastKnownFileType = sourcecode.swift; path = AppDelegate.swift; sourceTree = "<group>"; };
		E2F7ED54220B54D600D63515 /* DocumentBrowserViewController.swift */ = {isa = PBXFileReference; lastKnownFileType = sourcecode.swift; path = DocumentBrowserViewController.swift; sourceTree = "<group>"; };
		E2F7ED5D220B54D700D63515 /* Assets.xcassets */ = {isa = PBXFileReference; lastKnownFileType = folder.assetcatalog; path = Assets.xcassets; sourceTree = "<group>"; };
		E2F7ED60220B54D700D63515 /* Base */ = {isa = PBXFileReference; lastKnownFileType = file.storyboard; name = Base; path = Base.lproj/LaunchScreen.storyboard; sourceTree = "<group>"; };
		E2F7ED62220B54D700D63515 /* Info.plist */ = {isa = PBXFileReference; lastKnownFileType = text.plist.xml; path = Info.plist; sourceTree = "<group>"; };
		EF00F649A86477A6C27F07C0 /* Pods_OpenDocumentReader.framework */ = {isa = PBXFileReference; explicitFileType = wrapper.framework; includeInIndex = 0; path = Pods_OpenDocumentReader.framework; sourceTree = BUILT_PRODUCTS_DIR; };
/* End PBXFileReference section */

/* Begin PBXFrameworksBuildPhase section */
		E2F7ED4C220B54D600D63515 /* Frameworks */ = {
			isa = PBXFrameworksBuildPhase;
			buildActionMask = 2147483647;
			files = (
				E2064DFE22CFA1BA006441F8 /* iAd.framework in Frameworks */,
				E23795302274844400BA7238 /* AdSupport.framework in Frameworks */,
				E2D920F0226B1C7D0042A774 /* libcryptopp-object.a in Frameworks */,
				E2A3EE742259FA3100511BD2 /* libtinyxml2.a in Frameworks */,
				E26C39392250DC6E009C484A /* WebKit.framework in Frameworks */,
				E26C392C2250D926009C484A /* libglog.a in Frameworks */,
				E26C392D2250D926009C484A /* libminiz.a in Frameworks */,
				E26C392E2250D926009C484A /* libodrlib.a in Frameworks */,
				21E6C5303C9ED8A9A9317BEC /* Pods_OpenDocumentReader.framework in Frameworks */,
			);
			runOnlyForDeploymentPostprocessing = 0;
		};
/* End PBXFrameworksBuildPhase section */

/* Begin PBXGroup section */
		E20D24999F878FB3AAE258B3 /* Pods */ = {
			isa = PBXGroup;
			children = (
				B3FCFC99F5757D71C0A3EB11 /* Pods-OpenDocumentReader.debug.xcconfig */,
				97704690541D85438FC2079C /* Pods-OpenDocumentReader.release.xcconfig */,
			);
			name = Pods;
			sourceTree = "<group>";
		};
		E26C38EB2250D91C009C484A /* Products */ = {
			isa = PBXGroup;
			children = (
				E2CDC4BB226A407500E9FCED /* cryptest.exe */,
				E2CDC4BD226A407500E9FCED /* libcryptopp-object.a */,
				E2CDC4BF226A407500E9FCED /* libcryptopp.dylib */,
				E2CDC4C1226A407500E9FCED /* libcryptopp.a */,
				E26C39092250D91C009C484A /* demangle_unittest */,
				E2B0BC5823C3B4A6007C7960 /* libdoctest_main.a */,
				E26C390B2250D91C009C484A /* example1 */,
				E26C390D2250D91C009C484A /* example2 */,
				E26C390F2250D91C009C484A /* example3 */,
				E26C39112250D91C009C484A /* example4 */,
				E26C39132250D91C009C484A /* example5 */,
				E26C39152250D91C009C484A /* example6 */,
				E26C39172250D91C009C484A /* libglog.a */,
				E29A02222365EF7800BD6A96 /* libgmockd.a */,
				E29A02242365EF7800BD6A96 /* libgmock_maind.a */,
				E29A02262365EF7800BD6A96 /* libgtestd.a */,
				E29A02282365EF7800BD6A96 /* libgtest_maind.a */,
				E26C39192250D91C009C484A /* logging_unittest */,
				E26C391B2250D91C009C484A /* libminiz.a */,
				E26C391D2250D91C009C484A /* libodrlib.a */,
				E29A022A2365EF7800BD6A96 /* odrmain */,
				E26C391F2250D91C009C484A /* odrtests */,
				E26C39212250D91C009C484A /* signalhandler_unittest */,
				E26C39232250D91C009C484A /* stacktrace_unittest */,
				E26C39252250D91C009C484A /* stl_logging_unittest */,
				E26C39272250D91C009C484A /* symbolize_unittest */,
				E2B0BC5A23C3B4A6007C7960 /* test-algorithms */,
				E2B0BC5C23C3B4A6007C7960 /* test-allocator */,
				E2B0BC5E23C3B4A6007C7960 /* test-alt-string */,
				E2B0BC6023C3B4A6007C7960 /* test-bson */,
				E2B0BC6223C3B4A6007C7960 /* test-capacity */,
				E2B0BC6423C3B4A6007C7960 /* test-cbor */,
				E2B0BC6623C3B4A6007C7960 /* test-class_const_iterator */,
				E2B0BC6823C3B4A6007C7960 /* test-class_iterator */,
				E2B0BC6A23C3B4A6007C7960 /* test-class_lexer */,
				E2B0BC6C23C3B4A6007C7960 /* test-class_parser */,
				E2B0BC6E23C3B4A6007C7960 /* test-comparison */,
				E2B0BC7023C3B4A6007C7960 /* test-concepts */,
				E2B0BC7223C3B4A6007C7960 /* test-constructor1 */,
				E2B0BC7423C3B4A6007C7960 /* test-constructor2 */,
				E2B0BC7623C3B4A6007C7960 /* test-convenience */,
				E2B0BC7823C3B4A6007C7960 /* test-conversions */,
				E2B0BC7A23C3B4A6007C7960 /* test-deserialization */,
				E2B0BC7C23C3B4A6007C7960 /* test-element_access1 */,
				E2B0BC7E23C3B4A6007C7960 /* test-element_access2 */,
				E2B0BC8023C3B4A6007C7960 /* test-inspection */,
				E2B0BC8223C3B4A6007C7960 /* test-items */,
				E2B0BC8423C3B4A6007C7960 /* test-iterators1 */,
				E2B0BC8623C3B4A6007C7960 /* test-iterators2 */,
				E2B0BC8823C3B4A6007C7960 /* test-json_patch */,
				E2B0BC8A23C3B4A6007C7960 /* test-json_pointer */,
				E2B0BC8C23C3B4A6007C7960 /* test-large_json */,
				E2B0BC8E23C3B4A6007C7960 /* test-merge_patch */,
				E2B0BC9023C3B4A6007C7960 /* test-meta */,
				E2B0BC9223C3B4A6007C7960 /* test-modifiers */,
				E2B0BC9423C3B4A6007C7960 /* test-msgpack */,
				E2B0BC9623C3B4A6007C7960 /* test-noexcept */,
				E2B0BC9823C3B4A6007C7960 /* test-pointer_access */,
				E2B0BC9A23C3B4A6007C7960 /* test-readme */,
				E2B0BC9C23C3B4A6007C7960 /* test-reference_access */,
				E2B0BC9E23C3B4A6007C7960 /* test-regression */,
				E2B0BCA023C3B4A6007C7960 /* test-serialization */,
				E2B0BCA223C3B4A6007C7960 /* test-testsuites */,
				E2B0BCA423C3B4A6007C7960 /* test-to_chars */,
				E2B0BCA623C3B4A6007C7960 /* test-ubjson */,
				E2B0BCA823C3B4A6007C7960 /* test-udt */,
				E2B0BCAA23C3B4A6007C7960 /* test-unicode */,
				E2B0BCAC23C3B4A6007C7960 /* test-wstring */,
				E26C39292250D91C009C484A /* libtinyxml2.a */,
				E26C392B2250D91C009C484A /* utilities_unittest */,
			);
			name = Products;
			sourceTree = "<group>";
		};
		E2BB4B64220EF4F20056176B /* Frameworks */ = {
			isa = PBXGroup;
			children = (
				E2064DDF22CFA1BA006441F8 /* iAd.framework */,
				E237952F2274844400BA7238 /* AdSupport.framework */,
				E26C39382250DC6E009C484A /* WebKit.framework */,
				E26C38EA2250D91C009C484A /* odr.xcodeproj */,
				EF00F649A86477A6C27F07C0 /* Pods_OpenDocumentReader.framework */,
			);
			name = Frameworks;
			sourceTree = "<group>";
		};
		E2F7ED46220B54D600D63515 = {
			isa = PBXGroup;
			children = (
				E2F7ED51220B54D600D63515 /* OpenDocumentReader */,
				E2F7ED50220B54D600D63515 /* Products */,
				E2BB4B64220EF4F20056176B /* Frameworks */,
				E20D24999F878FB3AAE258B3 /* Pods */,
			);
			sourceTree = "<group>";
		};
		E2F7ED50220B54D600D63515 /* Products */ = {
			isa = PBXGroup;
			children = (
				E2F7ED4F220B54D600D63515 /* OpenDocumentReader.app */,
			);
			name = Products;
			sourceTree = "<group>";
		};
		E2F7ED51220B54D600D63515 /* OpenDocumentReader */ = {
			isa = PBXGroup;
			children = (
				E2F7ED52220B54D600D63515 /* AppDelegate.swift */,
				E2F7ED54220B54D600D63515 /* DocumentBrowserViewController.swift */,
				E22EB6F7226B621200053B86 /* DocumentBrowserTransitioningDelegate.swift */,
				E22EB719226B65E300053B86 /* DocumentViewController.swift */,
				AC384BCA23B4FFA700C7BF47 /* Constants.swift */,
				AC384BC923B4FFA700C7BF47 /* ContentViewController.swift */,
				AC384BCB23B4FFA700C7BF47 /* PageViewController.swift */,
				E22EB717226B633500053B86 /* Document.swift */,
				E22EB71B226B66B300053B86 /* Main.storyboard */,
				E2F7ED5D220B54D700D63515 /* Assets.xcassets */,
				E2F7ED5F220B54D700D63515 /* LaunchScreen.storyboard */,
				E2F7ED62220B54D700D63515 /* Info.plist */,
				E2BB4B60220EF3A10056176B /* BridgingHeader.h */,
				E2C008F9220F1CF80097C594 /* CoreWrapper.mm */,
				E2C008FC220F1D570097C594 /* CoreWrapper.h */,
				E29E4076225A4672002C06E6 /* GoogleService-Info.plist */,
				E2D0B3D8226D945400534FCC /* StoreReviewHelper.swift */,
			);
			path = OpenDocumentReader;
			sourceTree = "<group>";
		};
/* End PBXGroup section */

/* Begin PBXNativeTarget section */
		E2F7ED4E220B54D600D63515 /* OpenDocumentReader */ = {
			isa = PBXNativeTarget;
			buildConfigurationList = E2F7ED65220B54D700D63515 /* Build configuration list for PBXNativeTarget "OpenDocumentReader" */;
			buildPhases = (
				46370D9C7EFB4B0E291C2D0B /* [CP] Check Pods Manifest.lock */,
				E2F7ED4B220B54D600D63515 /* Sources */,
				E2F7ED4C220B54D600D63515 /* Frameworks */,
				E2F7ED4D220B54D600D63515 /* Resources */,
				F435F37405C0FE5E8503721A /* [CP] Embed Pods Frameworks */,
				E2C41D0F226DEF390049EF8E /* ShellScript */,
			);
			buildRules = (
			);
			dependencies = (
				E2D920D0226B1C4C0042A774 /* PBXTargetDependency */,
				E26C39312250D976009C484A /* PBXTargetDependency */,
				E26C39332250D976009C484A /* PBXTargetDependency */,
				E26C39352250D976009C484A /* PBXTargetDependency */,
				E26C39372250D976009C484A /* PBXTargetDependency */,
			);
			name = OpenDocumentReader;
			productName = "OpenDocument Reader";
			productReference = E2F7ED4F220B54D600D63515 /* OpenDocumentReader.app */;
			productType = "com.apple.product-type.application";
		};
/* End PBXNativeTarget section */

/* Begin PBXProject section */
		E2F7ED47220B54D600D63515 /* Project object */ = {
			isa = PBXProject;
			attributes = {
				LastSwiftUpdateCheck = 1010;
				LastUpgradeCheck = 1010;
				ORGANIZATIONNAME = "Thomas Taschauer";
				TargetAttributes = {
					E2F7ED4E220B54D600D63515 = {
						CreatedOnToolsVersion = 10.1;
						LastSwiftMigration = 1020;
					};
				};
			};
			buildConfigurationList = E2F7ED4A220B54D600D63515 /* Build configuration list for PBXProject "OpenDocumentReader" */;
			compatibilityVersion = "Xcode 9.3";
			developmentRegion = en;
			hasScannedForEncodings = 0;
			knownRegions = (
				en,
				Base,
			);
			mainGroup = E2F7ED46220B54D600D63515;
			productRefGroup = E2F7ED50220B54D600D63515 /* Products */;
			projectDirPath = "";
			projectReferences = (
				{
					ProductGroup = E26C38EB2250D91C009C484A /* Products */;
					ProjectRef = E26C38EA2250D91C009C484A /* odr.xcodeproj */;
				},
			);
			projectRoot = "";
			targets = (
				E2F7ED4E220B54D600D63515 /* OpenDocumentReader */,
			);
		};
/* End PBXProject section */

/* Begin PBXReferenceProxy section */
		E26C39092250D91C009C484A /* demangle_unittest */ = {
			isa = PBXReferenceProxy;
			fileType = "compiled.mach-o.executable";
			name = demangle_unittest;
			path = demangle_unittest.app;
			remoteRef = E26C39082250D91C009C484A /* PBXContainerItemProxy */;
			sourceTree = BUILT_PRODUCTS_DIR;
		};
		E26C390B2250D91C009C484A /* example1 */ = {
			isa = PBXReferenceProxy;
			fileType = "compiled.mach-o.executable";
			name = example1;
			path = example1.app;
			remoteRef = E26C390A2250D91C009C484A /* PBXContainerItemProxy */;
			sourceTree = BUILT_PRODUCTS_DIR;
		};
		E26C390D2250D91C009C484A /* example2 */ = {
			isa = PBXReferenceProxy;
			fileType = "compiled.mach-o.executable";
			name = example2;
			path = example2.app;
			remoteRef = E26C390C2250D91C009C484A /* PBXContainerItemProxy */;
			sourceTree = BUILT_PRODUCTS_DIR;
		};
		E26C390F2250D91C009C484A /* example3 */ = {
			isa = PBXReferenceProxy;
			fileType = "compiled.mach-o.executable";
			name = example3;
			path = example3.app;
			remoteRef = E26C390E2250D91C009C484A /* PBXContainerItemProxy */;
			sourceTree = BUILT_PRODUCTS_DIR;
		};
		E26C39112250D91C009C484A /* example4 */ = {
			isa = PBXReferenceProxy;
			fileType = "compiled.mach-o.executable";
			name = example4;
			path = example4.app;
			remoteRef = E26C39102250D91C009C484A /* PBXContainerItemProxy */;
			sourceTree = BUILT_PRODUCTS_DIR;
		};
		E26C39132250D91C009C484A /* example5 */ = {
			isa = PBXReferenceProxy;
			fileType = "compiled.mach-o.executable";
			name = example5;
			path = example5.app;
			remoteRef = E26C39122250D91C009C484A /* PBXContainerItemProxy */;
			sourceTree = BUILT_PRODUCTS_DIR;
		};
		E26C39152250D91C009C484A /* example6 */ = {
			isa = PBXReferenceProxy;
			fileType = "compiled.mach-o.executable";
			name = example6;
			path = example6.app;
			remoteRef = E26C39142250D91C009C484A /* PBXContainerItemProxy */;
			sourceTree = BUILT_PRODUCTS_DIR;
		};
		E26C39172250D91C009C484A /* libglog.a */ = {
			isa = PBXReferenceProxy;
			fileType = archive.ar;
			path = libglog.a;
			remoteRef = E26C39162250D91C009C484A /* PBXContainerItemProxy */;
			sourceTree = BUILT_PRODUCTS_DIR;
		};
		E26C39192250D91C009C484A /* logging_unittest */ = {
			isa = PBXReferenceProxy;
			fileType = "compiled.mach-o.executable";
			name = logging_unittest;
			path = logging_unittest.app;
			remoteRef = E26C39182250D91C009C484A /* PBXContainerItemProxy */;
			sourceTree = BUILT_PRODUCTS_DIR;
		};
		E26C391B2250D91C009C484A /* libminiz.a */ = {
			isa = PBXReferenceProxy;
			fileType = archive.ar;
			path = libminiz.a;
			remoteRef = E26C391A2250D91C009C484A /* PBXContainerItemProxy */;
			sourceTree = BUILT_PRODUCTS_DIR;
		};
		E26C391D2250D91C009C484A /* libodrlib.a */ = {
			isa = PBXReferenceProxy;
			fileType = archive.ar;
			path = libodrlib.a;
			remoteRef = E26C391C2250D91C009C484A /* PBXContainerItemProxy */;
			sourceTree = BUILT_PRODUCTS_DIR;
		};
		E26C391F2250D91C009C484A /* odrtests */ = {
			isa = PBXReferenceProxy;
			fileType = "compiled.mach-o.executable";
			name = odrtests;
			path = odrtests.app;
			remoteRef = E26C391E2250D91C009C484A /* PBXContainerItemProxy */;
			sourceTree = BUILT_PRODUCTS_DIR;
		};
		E26C39212250D91C009C484A /* signalhandler_unittest */ = {
			isa = PBXReferenceProxy;
			fileType = "compiled.mach-o.executable";
			name = signalhandler_unittest;
			path = signalhandler_unittest.app;
			remoteRef = E26C39202250D91C009C484A /* PBXContainerItemProxy */;
			sourceTree = BUILT_PRODUCTS_DIR;
		};
		E26C39232250D91C009C484A /* stacktrace_unittest */ = {
			isa = PBXReferenceProxy;
			fileType = "compiled.mach-o.executable";
			name = stacktrace_unittest;
			path = stacktrace_unittest.app;
			remoteRef = E26C39222250D91C009C484A /* PBXContainerItemProxy */;
			sourceTree = BUILT_PRODUCTS_DIR;
		};
		E26C39252250D91C009C484A /* stl_logging_unittest */ = {
			isa = PBXReferenceProxy;
			fileType = "compiled.mach-o.executable";
			name = stl_logging_unittest;
			path = stl_logging_unittest.app;
			remoteRef = E26C39242250D91C009C484A /* PBXContainerItemProxy */;
			sourceTree = BUILT_PRODUCTS_DIR;
		};
		E26C39272250D91C009C484A /* symbolize_unittest */ = {
			isa = PBXReferenceProxy;
			fileType = "compiled.mach-o.executable";
			name = symbolize_unittest;
			path = symbolize_unittest.app;
			remoteRef = E26C39262250D91C009C484A /* PBXContainerItemProxy */;
			sourceTree = BUILT_PRODUCTS_DIR;
		};
		E26C39292250D91C009C484A /* libtinyxml2.a */ = {
			isa = PBXReferenceProxy;
			fileType = archive.ar;
			path = libtinyxml2.a;
			remoteRef = E26C39282250D91C009C484A /* PBXContainerItemProxy */;
			sourceTree = BUILT_PRODUCTS_DIR;
		};
		E26C392B2250D91C009C484A /* utilities_unittest */ = {
			isa = PBXReferenceProxy;
			fileType = "compiled.mach-o.executable";
			name = utilities_unittest;
			path = utilities_unittest.app;
			remoteRef = E26C392A2250D91C009C484A /* PBXContainerItemProxy */;
			sourceTree = BUILT_PRODUCTS_DIR;
		};
		E29A02222365EF7800BD6A96 /* libgmockd.a */ = {
			isa = PBXReferenceProxy;
			fileType = archive.ar;
			path = libgmockd.a;
			remoteRef = E29A02212365EF7800BD6A96 /* PBXContainerItemProxy */;
			sourceTree = BUILT_PRODUCTS_DIR;
		};
		E29A02242365EF7800BD6A96 /* libgmock_maind.a */ = {
			isa = PBXReferenceProxy;
			fileType = archive.ar;
			path = libgmock_maind.a;
			remoteRef = E29A02232365EF7800BD6A96 /* PBXContainerItemProxy */;
			sourceTree = BUILT_PRODUCTS_DIR;
		};
		E29A02262365EF7800BD6A96 /* libgtestd.a */ = {
			isa = PBXReferenceProxy;
			fileType = archive.ar;
			path = libgtestd.a;
			remoteRef = E29A02252365EF7800BD6A96 /* PBXContainerItemProxy */;
			sourceTree = BUILT_PRODUCTS_DIR;
		};
		E29A02282365EF7800BD6A96 /* libgtest_maind.a */ = {
			isa = PBXReferenceProxy;
			fileType = archive.ar;
			path = libgtest_maind.a;
			remoteRef = E29A02272365EF7800BD6A96 /* PBXContainerItemProxy */;
			sourceTree = BUILT_PRODUCTS_DIR;
		};
		E29A022A2365EF7800BD6A96 /* odrmain */ = {
			isa = PBXReferenceProxy;
			fileType = "compiled.mach-o.executable";
			name = odrmain;
			path = odrmain.app;
			remoteRef = E29A02292365EF7800BD6A96 /* PBXContainerItemProxy */;
			sourceTree = BUILT_PRODUCTS_DIR;
		};
		E2B0BC5823C3B4A6007C7960 /* libdoctest_main.a */ = {
			isa = PBXReferenceProxy;
			fileType = archive.ar;
			path = libdoctest_main.a;
			remoteRef = E2B0BC5723C3B4A6007C7960 /* PBXContainerItemProxy */;
			sourceTree = BUILT_PRODUCTS_DIR;
		};
		E2B0BC5A23C3B4A6007C7960 /* test-algorithms */ = {
			isa = PBXReferenceProxy;
			fileType = "compiled.mach-o.executable";
			name = "test-algorithms";
			path = "test-algorithms.app";
			remoteRef = E2B0BC5923C3B4A6007C7960 /* PBXContainerItemProxy */;
			sourceTree = BUILT_PRODUCTS_DIR;
		};
		E2B0BC5C23C3B4A6007C7960 /* test-allocator */ = {
			isa = PBXReferenceProxy;
			fileType = "compiled.mach-o.executable";
			name = "test-allocator";
			path = "test-allocator.app";
			remoteRef = E2B0BC5B23C3B4A6007C7960 /* PBXContainerItemProxy */;
			sourceTree = BUILT_PRODUCTS_DIR;
		};
		E2B0BC5E23C3B4A6007C7960 /* test-alt-string */ = {
			isa = PBXReferenceProxy;
			fileType = "compiled.mach-o.executable";
			name = "test-alt-string";
			path = "test-alt-string.app";
			remoteRef = E2B0BC5D23C3B4A6007C7960 /* PBXContainerItemProxy */;
			sourceTree = BUILT_PRODUCTS_DIR;
		};
		E2B0BC6023C3B4A6007C7960 /* test-bson */ = {
			isa = PBXReferenceProxy;
			fileType = "compiled.mach-o.executable";
			name = "test-bson";
			path = "test-bson.app";
			remoteRef = E2B0BC5F23C3B4A6007C7960 /* PBXContainerItemProxy */;
			sourceTree = BUILT_PRODUCTS_DIR;
		};
		E2B0BC6223C3B4A6007C7960 /* test-capacity */ = {
			isa = PBXReferenceProxy;
			fileType = "compiled.mach-o.executable";
			name = "test-capacity";
			path = "test-capacity.app";
			remoteRef = E2B0BC6123C3B4A6007C7960 /* PBXContainerItemProxy */;
			sourceTree = BUILT_PRODUCTS_DIR;
		};
		E2B0BC6423C3B4A6007C7960 /* test-cbor */ = {
			isa = PBXReferenceProxy;
			fileType = "compiled.mach-o.executable";
			name = "test-cbor";
			path = "test-cbor.app";
			remoteRef = E2B0BC6323C3B4A6007C7960 /* PBXContainerItemProxy */;
			sourceTree = BUILT_PRODUCTS_DIR;
		};
		E2B0BC6623C3B4A6007C7960 /* test-class_const_iterator */ = {
			isa = PBXReferenceProxy;
			fileType = "compiled.mach-o.executable";
			name = "test-class_const_iterator";
			path = "test-class_const_iterator.app";
			remoteRef = E2B0BC6523C3B4A6007C7960 /* PBXContainerItemProxy */;
			sourceTree = BUILT_PRODUCTS_DIR;
		};
		E2B0BC6823C3B4A6007C7960 /* test-class_iterator */ = {
			isa = PBXReferenceProxy;
			fileType = "compiled.mach-o.executable";
			name = "test-class_iterator";
			path = "test-class_iterator.app";
			remoteRef = E2B0BC6723C3B4A6007C7960 /* PBXContainerItemProxy */;
			sourceTree = BUILT_PRODUCTS_DIR;
		};
		E2B0BC6A23C3B4A6007C7960 /* test-class_lexer */ = {
			isa = PBXReferenceProxy;
			fileType = "compiled.mach-o.executable";
			name = "test-class_lexer";
			path = "test-class_lexer.app";
			remoteRef = E2B0BC6923C3B4A6007C7960 /* PBXContainerItemProxy */;
			sourceTree = BUILT_PRODUCTS_DIR;
		};
		E2B0BC6C23C3B4A6007C7960 /* test-class_parser */ = {
			isa = PBXReferenceProxy;
			fileType = "compiled.mach-o.executable";
			name = "test-class_parser";
			path = "test-class_parser.app";
			remoteRef = E2B0BC6B23C3B4A6007C7960 /* PBXContainerItemProxy */;
			sourceTree = BUILT_PRODUCTS_DIR;
		};
		E2B0BC6E23C3B4A6007C7960 /* test-comparison */ = {
			isa = PBXReferenceProxy;
			fileType = "compiled.mach-o.executable";
			name = "test-comparison";
			path = "test-comparison.app";
			remoteRef = E2B0BC6D23C3B4A6007C7960 /* PBXContainerItemProxy */;
			sourceTree = BUILT_PRODUCTS_DIR;
		};
		E2B0BC7023C3B4A6007C7960 /* test-concepts */ = {
			isa = PBXReferenceProxy;
			fileType = "compiled.mach-o.executable";
			name = "test-concepts";
			path = "test-concepts.app";
			remoteRef = E2B0BC6F23C3B4A6007C7960 /* PBXContainerItemProxy */;
			sourceTree = BUILT_PRODUCTS_DIR;
		};
		E2B0BC7223C3B4A6007C7960 /* test-constructor1 */ = {
			isa = PBXReferenceProxy;
			fileType = "compiled.mach-o.executable";
			name = "test-constructor1";
			path = "test-constructor1.app";
			remoteRef = E2B0BC7123C3B4A6007C7960 /* PBXContainerItemProxy */;
			sourceTree = BUILT_PRODUCTS_DIR;
		};
		E2B0BC7423C3B4A6007C7960 /* test-constructor2 */ = {
			isa = PBXReferenceProxy;
			fileType = "compiled.mach-o.executable";
			name = "test-constructor2";
			path = "test-constructor2.app";
			remoteRef = E2B0BC7323C3B4A6007C7960 /* PBXContainerItemProxy */;
			sourceTree = BUILT_PRODUCTS_DIR;
		};
		E2B0BC7623C3B4A6007C7960 /* test-convenience */ = {
			isa = PBXReferenceProxy;
			fileType = "compiled.mach-o.executable";
			name = "test-convenience";
			path = "test-convenience.app";
			remoteRef = E2B0BC7523C3B4A6007C7960 /* PBXContainerItemProxy */;
			sourceTree = BUILT_PRODUCTS_DIR;
		};
		E2B0BC7823C3B4A6007C7960 /* test-conversions */ = {
			isa = PBXReferenceProxy;
			fileType = "compiled.mach-o.executable";
			name = "test-conversions";
			path = "test-conversions.app";
			remoteRef = E2B0BC7723C3B4A6007C7960 /* PBXContainerItemProxy */;
			sourceTree = BUILT_PRODUCTS_DIR;
		};
		E2B0BC7A23C3B4A6007C7960 /* test-deserialization */ = {
			isa = PBXReferenceProxy;
			fileType = "compiled.mach-o.executable";
			name = "test-deserialization";
			path = "test-deserialization.app";
			remoteRef = E2B0BC7923C3B4A6007C7960 /* PBXContainerItemProxy */;
			sourceTree = BUILT_PRODUCTS_DIR;
		};
		E2B0BC7C23C3B4A6007C7960 /* test-element_access1 */ = {
			isa = PBXReferenceProxy;
			fileType = "compiled.mach-o.executable";
			name = "test-element_access1";
			path = "test-element_access1.app";
			remoteRef = E2B0BC7B23C3B4A6007C7960 /* PBXContainerItemProxy */;
			sourceTree = BUILT_PRODUCTS_DIR;
		};
		E2B0BC7E23C3B4A6007C7960 /* test-element_access2 */ = {
			isa = PBXReferenceProxy;
			fileType = "compiled.mach-o.executable";
			name = "test-element_access2";
			path = "test-element_access2.app";
			remoteRef = E2B0BC7D23C3B4A6007C7960 /* PBXContainerItemProxy */;
			sourceTree = BUILT_PRODUCTS_DIR;
		};
		E2B0BC8023C3B4A6007C7960 /* test-inspection */ = {
			isa = PBXReferenceProxy;
			fileType = "compiled.mach-o.executable";
			name = "test-inspection";
			path = "test-inspection.app";
			remoteRef = E2B0BC7F23C3B4A6007C7960 /* PBXContainerItemProxy */;
			sourceTree = BUILT_PRODUCTS_DIR;
		};
		E2B0BC8223C3B4A6007C7960 /* test-items */ = {
			isa = PBXReferenceProxy;
			fileType = "compiled.mach-o.executable";
			name = "test-items";
			path = "test-items.app";
			remoteRef = E2B0BC8123C3B4A6007C7960 /* PBXContainerItemProxy */;
			sourceTree = BUILT_PRODUCTS_DIR;
		};
		E2B0BC8423C3B4A6007C7960 /* test-iterators1 */ = {
			isa = PBXReferenceProxy;
			fileType = "compiled.mach-o.executable";
			name = "test-iterators1";
			path = "test-iterators1.app";
			remoteRef = E2B0BC8323C3B4A6007C7960 /* PBXContainerItemProxy */;
			sourceTree = BUILT_PRODUCTS_DIR;
		};
		E2B0BC8623C3B4A6007C7960 /* test-iterators2 */ = {
			isa = PBXReferenceProxy;
			fileType = "compiled.mach-o.executable";
			name = "test-iterators2";
			path = "test-iterators2.app";
			remoteRef = E2B0BC8523C3B4A6007C7960 /* PBXContainerItemProxy */;
			sourceTree = BUILT_PRODUCTS_DIR;
		};
		E2B0BC8823C3B4A6007C7960 /* test-json_patch */ = {
			isa = PBXReferenceProxy;
			fileType = "compiled.mach-o.executable";
			name = "test-json_patch";
			path = "test-json_patch.app";
			remoteRef = E2B0BC8723C3B4A6007C7960 /* PBXContainerItemProxy */;
			sourceTree = BUILT_PRODUCTS_DIR;
		};
		E2B0BC8A23C3B4A6007C7960 /* test-json_pointer */ = {
			isa = PBXReferenceProxy;
			fileType = "compiled.mach-o.executable";
			name = "test-json_pointer";
			path = "test-json_pointer.app";
			remoteRef = E2B0BC8923C3B4A6007C7960 /* PBXContainerItemProxy */;
			sourceTree = BUILT_PRODUCTS_DIR;
		};
		E2B0BC8C23C3B4A6007C7960 /* test-large_json */ = {
			isa = PBXReferenceProxy;
			fileType = "compiled.mach-o.executable";
			name = "test-large_json";
			path = "test-large_json.app";
			remoteRef = E2B0BC8B23C3B4A6007C7960 /* PBXContainerItemProxy */;
			sourceTree = BUILT_PRODUCTS_DIR;
		};
		E2B0BC8E23C3B4A6007C7960 /* test-merge_patch */ = {
			isa = PBXReferenceProxy;
			fileType = "compiled.mach-o.executable";
			name = "test-merge_patch";
			path = "test-merge_patch.app";
			remoteRef = E2B0BC8D23C3B4A6007C7960 /* PBXContainerItemProxy */;
			sourceTree = BUILT_PRODUCTS_DIR;
		};
		E2B0BC9023C3B4A6007C7960 /* test-meta */ = {
			isa = PBXReferenceProxy;
			fileType = "compiled.mach-o.executable";
			name = "test-meta";
			path = "test-meta.app";
			remoteRef = E2B0BC8F23C3B4A6007C7960 /* PBXContainerItemProxy */;
			sourceTree = BUILT_PRODUCTS_DIR;
		};
		E2B0BC9223C3B4A6007C7960 /* test-modifiers */ = {
			isa = PBXReferenceProxy;
			fileType = "compiled.mach-o.executable";
			name = "test-modifiers";
			path = "test-modifiers.app";
			remoteRef = E2B0BC9123C3B4A6007C7960 /* PBXContainerItemProxy */;
			sourceTree = BUILT_PRODUCTS_DIR;
		};
		E2B0BC9423C3B4A6007C7960 /* test-msgpack */ = {
			isa = PBXReferenceProxy;
			fileType = "compiled.mach-o.executable";
			name = "test-msgpack";
			path = "test-msgpack.app";
			remoteRef = E2B0BC9323C3B4A6007C7960 /* PBXContainerItemProxy */;
			sourceTree = BUILT_PRODUCTS_DIR;
		};
		E2B0BC9623C3B4A6007C7960 /* test-noexcept */ = {
			isa = PBXReferenceProxy;
			fileType = "compiled.mach-o.executable";
			name = "test-noexcept";
			path = "test-noexcept.app";
			remoteRef = E2B0BC9523C3B4A6007C7960 /* PBXContainerItemProxy */;
			sourceTree = BUILT_PRODUCTS_DIR;
		};
		E2B0BC9823C3B4A6007C7960 /* test-pointer_access */ = {
			isa = PBXReferenceProxy;
			fileType = "compiled.mach-o.executable";
			name = "test-pointer_access";
			path = "test-pointer_access.app";
			remoteRef = E2B0BC9723C3B4A6007C7960 /* PBXContainerItemProxy */;
			sourceTree = BUILT_PRODUCTS_DIR;
		};
		E2B0BC9A23C3B4A6007C7960 /* test-readme */ = {
			isa = PBXReferenceProxy;
			fileType = "compiled.mach-o.executable";
			name = "test-readme";
			path = "test-readme.app";
			remoteRef = E2B0BC9923C3B4A6007C7960 /* PBXContainerItemProxy */;
			sourceTree = BUILT_PRODUCTS_DIR;
		};
		E2B0BC9C23C3B4A6007C7960 /* test-reference_access */ = {
			isa = PBXReferenceProxy;
			fileType = "compiled.mach-o.executable";
			name = "test-reference_access";
			path = "test-reference_access.app";
			remoteRef = E2B0BC9B23C3B4A6007C7960 /* PBXContainerItemProxy */;
			sourceTree = BUILT_PRODUCTS_DIR;
		};
		E2B0BC9E23C3B4A6007C7960 /* test-regression */ = {
			isa = PBXReferenceProxy;
			fileType = "compiled.mach-o.executable";
			name = "test-regression";
			path = "test-regression.app";
			remoteRef = E2B0BC9D23C3B4A6007C7960 /* PBXContainerItemProxy */;
			sourceTree = BUILT_PRODUCTS_DIR;
		};
		E2B0BCA023C3B4A6007C7960 /* test-serialization */ = {
			isa = PBXReferenceProxy;
			fileType = "compiled.mach-o.executable";
			name = "test-serialization";
			path = "test-serialization.app";
			remoteRef = E2B0BC9F23C3B4A6007C7960 /* PBXContainerItemProxy */;
			sourceTree = BUILT_PRODUCTS_DIR;
		};
		E2B0BCA223C3B4A6007C7960 /* test-testsuites */ = {
			isa = PBXReferenceProxy;
			fileType = "compiled.mach-o.executable";
			name = "test-testsuites";
			path = "test-testsuites.app";
			remoteRef = E2B0BCA123C3B4A6007C7960 /* PBXContainerItemProxy */;
			sourceTree = BUILT_PRODUCTS_DIR;
		};
		E2B0BCA423C3B4A6007C7960 /* test-to_chars */ = {
			isa = PBXReferenceProxy;
			fileType = "compiled.mach-o.executable";
			name = "test-to_chars";
			path = "test-to_chars.app";
			remoteRef = E2B0BCA323C3B4A6007C7960 /* PBXContainerItemProxy */;
			sourceTree = BUILT_PRODUCTS_DIR;
		};
		E2B0BCA623C3B4A6007C7960 /* test-ubjson */ = {
			isa = PBXReferenceProxy;
			fileType = "compiled.mach-o.executable";
			name = "test-ubjson";
			path = "test-ubjson.app";
			remoteRef = E2B0BCA523C3B4A6007C7960 /* PBXContainerItemProxy */;
			sourceTree = BUILT_PRODUCTS_DIR;
		};
		E2B0BCA823C3B4A6007C7960 /* test-udt */ = {
			isa = PBXReferenceProxy;
			fileType = "compiled.mach-o.executable";
			name = "test-udt";
			path = "test-udt.app";
			remoteRef = E2B0BCA723C3B4A6007C7960 /* PBXContainerItemProxy */;
			sourceTree = BUILT_PRODUCTS_DIR;
		};
		E2B0BCAA23C3B4A6007C7960 /* test-unicode */ = {
			isa = PBXReferenceProxy;
			fileType = "compiled.mach-o.executable";
			name = "test-unicode";
			path = "test-unicode.app";
			remoteRef = E2B0BCA923C3B4A6007C7960 /* PBXContainerItemProxy */;
			sourceTree = BUILT_PRODUCTS_DIR;
		};
		E2B0BCAC23C3B4A6007C7960 /* test-wstring */ = {
			isa = PBXReferenceProxy;
			fileType = "compiled.mach-o.executable";
			name = "test-wstring";
			path = "test-wstring.app";
			remoteRef = E2B0BCAB23C3B4A6007C7960 /* PBXContainerItemProxy */;
			sourceTree = BUILT_PRODUCTS_DIR;
		};
		E2CDC4BB226A407500E9FCED /* cryptest.exe */ = {
			isa = PBXReferenceProxy;
			fileType = "compiled.mach-o.executable";
			name = cryptest.exe;
			path = cryptest.exe.app;
			remoteRef = E2CDC4BA226A407500E9FCED /* PBXContainerItemProxy */;
			sourceTree = BUILT_PRODUCTS_DIR;
		};
		E2CDC4BD226A407500E9FCED /* libcryptopp-object.a */ = {
			isa = PBXReferenceProxy;
			fileType = archive.ar;
			path = "libcryptopp-object.a";
			remoteRef = E2CDC4BC226A407500E9FCED /* PBXContainerItemProxy */;
			sourceTree = BUILT_PRODUCTS_DIR;
		};
		E2CDC4BF226A407500E9FCED /* libcryptopp.dylib */ = {
			isa = PBXReferenceProxy;
			fileType = "compiled.mach-o.dylib";
			name = libcryptopp.dylib;
			path = libcryptopp.7.0.dylib;
			remoteRef = E2CDC4BE226A407500E9FCED /* PBXContainerItemProxy */;
			sourceTree = BUILT_PRODUCTS_DIR;
		};
		E2CDC4C1226A407500E9FCED /* libcryptopp.a */ = {
			isa = PBXReferenceProxy;
			fileType = archive.ar;
			path = libcryptopp.a;
			remoteRef = E2CDC4C0226A407500E9FCED /* PBXContainerItemProxy */;
			sourceTree = BUILT_PRODUCTS_DIR;
		};
/* End PBXReferenceProxy section */

/* Begin PBXResourcesBuildPhase section */
		E2F7ED4D220B54D600D63515 /* Resources */ = {
			isa = PBXResourcesBuildPhase;
			buildActionMask = 2147483647;
			files = (
				E2F7ED61220B54D700D63515 /* LaunchScreen.storyboard in Resources */,
				E22EB71C226B66B300053B86 /* Main.storyboard in Resources */,
				E29E4077225A4672002C06E6 /* GoogleService-Info.plist in Resources */,
				E2F7ED5E220B54D700D63515 /* Assets.xcassets in Resources */,
			);
			runOnlyForDeploymentPostprocessing = 0;
		};
/* End PBXResourcesBuildPhase section */

/* Begin PBXShellScriptBuildPhase section */
		46370D9C7EFB4B0E291C2D0B /* [CP] Check Pods Manifest.lock */ = {
			isa = PBXShellScriptBuildPhase;
			buildActionMask = 2147483647;
			files = (
			);
			inputFileListPaths = (
			);
			inputPaths = (
				"${PODS_PODFILE_DIR_PATH}/Podfile.lock",
				"${PODS_ROOT}/Manifest.lock",
			);
			name = "[CP] Check Pods Manifest.lock";
			outputFileListPaths = (
			);
			outputPaths = (
				"$(DERIVED_FILE_DIR)/Pods-OpenDocumentReader-checkManifestLockResult.txt",
			);
			runOnlyForDeploymentPostprocessing = 0;
			shellPath = /bin/sh;
			shellScript = "diff \"${PODS_PODFILE_DIR_PATH}/Podfile.lock\" \"${PODS_ROOT}/Manifest.lock\" > /dev/null\nif [ $? != 0 ] ; then\n    # print error to STDERR\n    echo \"error: The sandbox is not in sync with the Podfile.lock. Run 'pod install' or update your CocoaPods installation.\" >&2\n    exit 1\nfi\n# This output is used by Xcode 'outputs' to avoid re-running this script phase.\necho \"SUCCESS\" > \"${SCRIPT_OUTPUT_FILE_0}\"\n";
			showEnvVarsInLog = 0;
		};
		E2C41D0F226DEF390049EF8E /* ShellScript */ = {
			isa = PBXShellScriptBuildPhase;
			buildActionMask = 2147483647;
			files = (
			);
			inputFileListPaths = (
			);
			inputPaths = (
				"$(BUILT_PRODUCTS_DIR)/$(INFOPLIST_PATH)",
			);
			outputFileListPaths = (
			);
			outputPaths = (
			);
			runOnlyForDeploymentPostprocessing = 0;
			shellPath = /bin/sh;
			shellScript = "# Type a script or drag a script file from your workspace to insert its path.\n\"${PODS_ROOT}/Fabric/run\"\n";
		};
		F435F37405C0FE5E8503721A /* [CP] Embed Pods Frameworks */ = {
			isa = PBXShellScriptBuildPhase;
			buildActionMask = 2147483647;
			files = (
			);
			inputFileListPaths = (
				"${PODS_ROOT}/Target Support Files/Pods-OpenDocumentReader/Pods-OpenDocumentReader-frameworks-${CONFIGURATION}-input-files.xcfilelist",
			);
			name = "[CP] Embed Pods Frameworks";
			outputFileListPaths = (
				"${PODS_ROOT}/Target Support Files/Pods-OpenDocumentReader/Pods-OpenDocumentReader-frameworks-${CONFIGURATION}-output-files.xcfilelist",
			);
			runOnlyForDeploymentPostprocessing = 0;
			shellPath = /bin/sh;
			shellScript = "\"${PODS_ROOT}/Target Support Files/Pods-OpenDocumentReader/Pods-OpenDocumentReader-frameworks.sh\"\n";
			showEnvVarsInLog = 0;
		};
/* End PBXShellScriptBuildPhase section */

/* Begin PBXSourcesBuildPhase section */
		E2F7ED4B220B54D600D63515 /* Sources */ = {
			isa = PBXSourcesBuildPhase;
			buildActionMask = 2147483647;
			files = (
				E22EB71A226B65E300053B86 /* DocumentViewController.swift in Sources */,
				AC384BCD23B4FFA700C7BF47 /* ContentViewController.swift in Sources */,
				E22EB718226B633500053B86 /* Document.swift in Sources */,
				AC384BCF23B4FFA700C7BF47 /* PageViewController.swift in Sources */,
				E2C008FA220F1CF80097C594 /* CoreWrapper.mm in Sources */,
				E2D0B3D9226D945400534FCC /* StoreReviewHelper.swift in Sources */,
				E22EB716226B621200053B86 /* DocumentBrowserTransitioningDelegate.swift in Sources */,
				AC384BCE23B4FFA700C7BF47 /* Constants.swift in Sources */,
				E2F7ED55220B54D600D63515 /* DocumentBrowserViewController.swift in Sources */,
				E2F7ED53220B54D600D63515 /* AppDelegate.swift in Sources */,
			);
			runOnlyForDeploymentPostprocessing = 0;
		};
/* End PBXSourcesBuildPhase section */

/* Begin PBXTargetDependency section */
		E26C39312250D976009C484A /* PBXTargetDependency */ = {
			isa = PBXTargetDependency;
			name = glog;
			targetProxy = E26C39302250D976009C484A /* PBXContainerItemProxy */;
		};
		E26C39332250D976009C484A /* PBXTargetDependency */ = {
			isa = PBXTargetDependency;
			name = miniz;
			targetProxy = E26C39322250D976009C484A /* PBXContainerItemProxy */;
		};
		E26C39352250D976009C484A /* PBXTargetDependency */ = {
			isa = PBXTargetDependency;
			name = odrlib;
			targetProxy = E26C39342250D976009C484A /* PBXContainerItemProxy */;
		};
		E26C39372250D976009C484A /* PBXTargetDependency */ = {
			isa = PBXTargetDependency;
			name = tinyxml2;
			targetProxy = E26C39362250D976009C484A /* PBXContainerItemProxy */;
		};
		E2D920D0226B1C4C0042A774 /* PBXTargetDependency */ = {
			isa = PBXTargetDependency;
			name = "cryptopp-object";
			targetProxy = E2D920CF226B1C4C0042A774 /* PBXContainerItemProxy */;
		};
/* End PBXTargetDependency section */

/* Begin PBXVariantGroup section */
		E2F7ED5F220B54D700D63515 /* LaunchScreen.storyboard */ = {
			isa = PBXVariantGroup;
			children = (
				E2F7ED60220B54D700D63515 /* Base */,
			);
			name = LaunchScreen.storyboard;
			sourceTree = "<group>";
		};
/* End PBXVariantGroup section */

/* Begin XCBuildConfiguration section */
		E2F7ED63220B54D700D63515 /* Debug */ = {
			isa = XCBuildConfiguration;
			buildSettings = {
				ALWAYS_SEARCH_USER_PATHS = NO;
				CLANG_ANALYZER_NONNULL = YES;
				CLANG_ANALYZER_NUMBER_OBJECT_CONVERSION = YES_AGGRESSIVE;
				CLANG_CXX_LANGUAGE_STANDARD = "gnu++14";
				CLANG_CXX_LIBRARY = "libc++";
				CLANG_ENABLE_MODULES = YES;
				CLANG_ENABLE_OBJC_ARC = YES;
				CLANG_ENABLE_OBJC_WEAK = YES;
				CLANG_WARN_BLOCK_CAPTURE_AUTORELEASING = YES;
				CLANG_WARN_BOOL_CONVERSION = YES;
				CLANG_WARN_COMMA = YES;
				CLANG_WARN_CONSTANT_CONVERSION = YES;
				CLANG_WARN_DEPRECATED_OBJC_IMPLEMENTATIONS = YES;
				CLANG_WARN_DIRECT_OBJC_ISA_USAGE = YES_ERROR;
				CLANG_WARN_DOCUMENTATION_COMMENTS = YES;
				CLANG_WARN_EMPTY_BODY = YES;
				CLANG_WARN_ENUM_CONVERSION = YES;
				CLANG_WARN_INFINITE_RECURSION = YES;
				CLANG_WARN_INT_CONVERSION = YES;
				CLANG_WARN_NON_LITERAL_NULL_CONVERSION = YES;
				CLANG_WARN_OBJC_IMPLICIT_RETAIN_SELF = YES;
				CLANG_WARN_OBJC_LITERAL_CONVERSION = YES;
				CLANG_WARN_OBJC_ROOT_CLASS = YES_ERROR;
				CLANG_WARN_RANGE_LOOP_ANALYSIS = YES;
				CLANG_WARN_STRICT_PROTOTYPES = YES;
				CLANG_WARN_SUSPICIOUS_MOVE = YES;
				CLANG_WARN_UNGUARDED_AVAILABILITY = YES_AGGRESSIVE;
				CLANG_WARN_UNREACHABLE_CODE = YES;
				CLANG_WARN__DUPLICATE_METHOD_MATCH = YES;
				CODE_SIGN_IDENTITY = "iPhone Developer";
				COPY_PHASE_STRIP = NO;
				DEBUG_INFORMATION_FORMAT = dwarf;
				ENABLE_STRICT_OBJC_MSGSEND = YES;
				ENABLE_TESTABILITY = YES;
				GCC_C_LANGUAGE_STANDARD = gnu11;
				GCC_DYNAMIC_NO_PIC = NO;
				GCC_NO_COMMON_BLOCKS = YES;
				GCC_OPTIMIZATION_LEVEL = 0;
				GCC_PREPROCESSOR_DEFINITIONS = (
					"DEBUG=1",
					"$(inherited)",
				);
				GCC_WARN_64_TO_32_BIT_CONVERSION = YES;
				GCC_WARN_ABOUT_RETURN_TYPE = YES_ERROR;
				GCC_WARN_UNDECLARED_SELECTOR = YES;
				GCC_WARN_UNINITIALIZED_AUTOS = YES_AGGRESSIVE;
				GCC_WARN_UNUSED_FUNCTION = YES;
				GCC_WARN_UNUSED_VARIABLE = YES;
				HEADER_SEARCH_PATHS = "$(inherited)";
				IPHONEOS_DEPLOYMENT_TARGET = 11.0;
				LIBRARY_SEARCH_PATHS = "$(inherited)";
				MTL_ENABLE_DEBUG_INFO = INCLUDE_SOURCE;
				MTL_FAST_MATH = YES;
				ONLY_ACTIVE_ARCH = YES;
				SDKROOT = iphoneos;
				SWIFT_ACTIVE_COMPILATION_CONDITIONS = DEBUG;
				SWIFT_OPTIMIZATION_LEVEL = "-Onone";
			};
			name = Debug;
		};
		E2F7ED64220B54D700D63515 /* Release */ = {
			isa = XCBuildConfiguration;
			buildSettings = {
				ALWAYS_SEARCH_USER_PATHS = NO;
				CLANG_ANALYZER_NONNULL = YES;
				CLANG_ANALYZER_NUMBER_OBJECT_CONVERSION = YES_AGGRESSIVE;
				CLANG_CXX_LANGUAGE_STANDARD = "gnu++14";
				CLANG_CXX_LIBRARY = "libc++";
				CLANG_ENABLE_MODULES = YES;
				CLANG_ENABLE_OBJC_ARC = YES;
				CLANG_ENABLE_OBJC_WEAK = YES;
				CLANG_WARN_BLOCK_CAPTURE_AUTORELEASING = YES;
				CLANG_WARN_BOOL_CONVERSION = YES;
				CLANG_WARN_COMMA = YES;
				CLANG_WARN_CONSTANT_CONVERSION = YES;
				CLANG_WARN_DEPRECATED_OBJC_IMPLEMENTATIONS = YES;
				CLANG_WARN_DIRECT_OBJC_ISA_USAGE = YES_ERROR;
				CLANG_WARN_DOCUMENTATION_COMMENTS = YES;
				CLANG_WARN_EMPTY_BODY = YES;
				CLANG_WARN_ENUM_CONVERSION = YES;
				CLANG_WARN_INFINITE_RECURSION = YES;
				CLANG_WARN_INT_CONVERSION = YES;
				CLANG_WARN_NON_LITERAL_NULL_CONVERSION = YES;
				CLANG_WARN_OBJC_IMPLICIT_RETAIN_SELF = YES;
				CLANG_WARN_OBJC_LITERAL_CONVERSION = YES;
				CLANG_WARN_OBJC_ROOT_CLASS = YES_ERROR;
				CLANG_WARN_RANGE_LOOP_ANALYSIS = YES;
				CLANG_WARN_STRICT_PROTOTYPES = YES;
				CLANG_WARN_SUSPICIOUS_MOVE = YES;
				CLANG_WARN_UNGUARDED_AVAILABILITY = YES_AGGRESSIVE;
				CLANG_WARN_UNREACHABLE_CODE = YES;
				CLANG_WARN__DUPLICATE_METHOD_MATCH = YES;
				CODE_SIGN_IDENTITY = "iPhone Developer";
				COPY_PHASE_STRIP = NO;
				DEBUG_INFORMATION_FORMAT = "dwarf-with-dsym";
				ENABLE_NS_ASSERTIONS = NO;
				ENABLE_STRICT_OBJC_MSGSEND = YES;
				GCC_C_LANGUAGE_STANDARD = gnu11;
				GCC_NO_COMMON_BLOCKS = YES;
				GCC_WARN_64_TO_32_BIT_CONVERSION = YES;
				GCC_WARN_ABOUT_RETURN_TYPE = YES_ERROR;
				GCC_WARN_UNDECLARED_SELECTOR = YES;
				GCC_WARN_UNINITIALIZED_AUTOS = YES_AGGRESSIVE;
				GCC_WARN_UNUSED_FUNCTION = YES;
				GCC_WARN_UNUSED_VARIABLE = YES;
				HEADER_SEARCH_PATHS = "$(inherited)";
				IPHONEOS_DEPLOYMENT_TARGET = 11.0;
				LIBRARY_SEARCH_PATHS = "$(inherited)";
				MTL_ENABLE_DEBUG_INFO = NO;
				MTL_FAST_MATH = YES;
				SDKROOT = iphoneos;
				SWIFT_COMPILATION_MODE = wholemodule;
				SWIFT_OPTIMIZATION_LEVEL = "-O";
				VALIDATE_PRODUCT = YES;
			};
			name = Release;
		};
		E2F7ED66220B54D700D63515 /* Debug */ = {
			isa = XCBuildConfiguration;
			baseConfigurationReference = B3FCFC99F5757D71C0A3EB11 /* Pods-OpenDocumentReader.debug.xcconfig */;
			buildSettings = {
				ASSETCATALOG_COMPILER_APPICON_NAME = AppIcon;
				CLANG_ENABLE_MODULES = YES;
				CODE_SIGN_STYLE = Automatic;
				CURRENT_PROJECT_VERSION = 17;
				DEVELOPMENT_TEAM = 5LS6X97G6J;
				HEADER_SEARCH_PATHS = (
					"$(inherited)",
					"$(PROJECT_DIR)/OpenDocument.core/include/**",
				);
				INFOPLIST_FILE = OpenDocumentReader/Info.plist;
				IPHONEOS_DEPLOYMENT_TARGET = 11.0;
				LD_RUNPATH_SEARCH_PATHS = (
					"$(inherited)",
					"@executable_path/Frameworks",
				);
				LIBRARY_SEARCH_PATHS = "$(inherited)";
				MARKETING_VERSION = 1.13;
				PRODUCT_BUNDLE_IDENTIFIER = at.tomtasche.reader;
				PRODUCT_NAME = "$(TARGET_NAME)";
				SWIFT_OBJC_BRIDGING_HEADER = OpenDocumentReader/BridgingHeader.h;
				SWIFT_OPTIMIZATION_LEVEL = "-Onone";
				SWIFT_VERSION = 5.0;
				TARGETED_DEVICE_FAMILY = "1,2";
			};
			name = Debug;
		};
		E2F7ED67220B54D700D63515 /* Release */ = {
			isa = XCBuildConfiguration;
			baseConfigurationReference = 97704690541D85438FC2079C /* Pods-OpenDocumentReader.release.xcconfig */;
			buildSettings = {
				ASSETCATALOG_COMPILER_APPICON_NAME = AppIcon;
				CLANG_ENABLE_MODULES = YES;
				CODE_SIGN_STYLE = Automatic;
				CURRENT_PROJECT_VERSION = 17;
				DEVELOPMENT_TEAM = 5LS6X97G6J;
				HEADER_SEARCH_PATHS = (
					"$(inherited)",
					"$(PROJECT_DIR)/OpenDocument.core/include/**",
				);
				INFOPLIST_FILE = OpenDocumentReader/Info.plist;
				IPHONEOS_DEPLOYMENT_TARGET = 11.0;
				LD_RUNPATH_SEARCH_PATHS = (
					"$(inherited)",
					"@executable_path/Frameworks",
				);
				LIBRARY_SEARCH_PATHS = "$(inherited)";
				MARKETING_VERSION = 1.13;
				PRODUCT_BUNDLE_IDENTIFIER = at.tomtasche.reader;
				PRODUCT_NAME = "$(TARGET_NAME)";
				SWIFT_OBJC_BRIDGING_HEADER = OpenDocumentReader/BridgingHeader.h;
				SWIFT_VERSION = 5.0;
				TARGETED_DEVICE_FAMILY = "1,2";
			};
			name = Release;
		};
/* End XCBuildConfiguration section */

/* Begin XCConfigurationList section */
		E2F7ED4A220B54D600D63515 /* Build configuration list for PBXProject "OpenDocumentReader" */ = {
			isa = XCConfigurationList;
			buildConfigurations = (
				E2F7ED63220B54D700D63515 /* Debug */,
				E2F7ED64220B54D700D63515 /* Release */,
			);
			defaultConfigurationIsVisible = 0;
			defaultConfigurationName = Release;
		};
		E2F7ED65220B54D700D63515 /* Build configuration list for PBXNativeTarget "OpenDocumentReader" */ = {
			isa = XCConfigurationList;
			buildConfigurations = (
				E2F7ED66220B54D700D63515 /* Debug */,
				E2F7ED67220B54D700D63515 /* Release */,
			);
			defaultConfigurationIsVisible = 0;
			defaultConfigurationName = Release;
		};
/* End XCConfigurationList section */
	};
	rootObject = E2F7ED47220B54D600D63515 /* Project object */;
}
