// !$*UTF8*$!
{
	archiveVersion = 1;
	classes = {
	};
	objectVersion = 50;
	objects = {

/* Begin PBXBuildFile section */
		E26C392C2250D926009C484A /* libglog.a in Frameworks */ = {isa = PBXBuildFile; fileRef = E26C39172250D91C009C484A /* libglog.a */; };
		E26C392D2250D926009C484A /* libminiz.a in Frameworks */ = {isa = PBXBuildFile; fileRef = E26C391B2250D91C009C484A /* libminiz.a */; };
		E26C392E2250D926009C484A /* libodrlib.a in Frameworks */ = {isa = PBXBuildFile; fileRef = E26C391D2250D91C009C484A /* libodrlib.a */; };
		E26C392F2250D926009C484A /* libtinyxml2.a in Frameworks */ = {isa = PBXBuildFile; fileRef = E26C39292250D91C009C484A /* libtinyxml2.a */; };
		E26C39392250DC6E009C484A /* WebKit.framework in Frameworks */ = {isa = PBXBuildFile; fileRef = E26C39382250DC6E009C484A /* WebKit.framework */; };
		E2C008FA220F1CF80097C594 /* CoreWrapper.mm in Sources */ = {isa = PBXBuildFile; fileRef = E2C008F9220F1CF80097C594 /* CoreWrapper.mm */; };
		E2F7ED53220B54D600D63515 /* AppDelegate.swift in Sources */ = {isa = PBXBuildFile; fileRef = E2F7ED52220B54D600D63515 /* AppDelegate.swift */; };
		E2F7ED55220B54D600D63515 /* DocumentBrowserViewController.swift in Sources */ = {isa = PBXBuildFile; fileRef = E2F7ED54220B54D600D63515 /* DocumentBrowserViewController.swift */; };
		E2F7ED57220B54D600D63515 /* DocumentViewController.swift in Sources */ = {isa = PBXBuildFile; fileRef = E2F7ED56220B54D600D63515 /* DocumentViewController.swift */; };
		E2F7ED59220B54D600D63515 /* Document.swift in Sources */ = {isa = PBXBuildFile; fileRef = E2F7ED58220B54D600D63515 /* Document.swift */; };
		E2F7ED5C220B54D600D63515 /* Main.storyboard in Resources */ = {isa = PBXBuildFile; fileRef = E2F7ED5A220B54D600D63515 /* Main.storyboard */; };
		E2F7ED5E220B54D700D63515 /* Assets.xcassets in Resources */ = {isa = PBXBuildFile; fileRef = E2F7ED5D220B54D700D63515 /* Assets.xcassets */; };
		E2F7ED61220B54D700D63515 /* LaunchScreen.storyboard in Resources */ = {isa = PBXBuildFile; fileRef = E2F7ED5F220B54D700D63515 /* LaunchScreen.storyboard */; };
/* End PBXBuildFile section */

/* Begin PBXContainerItemProxy section */
		E26C39082250D91C009C484A /* PBXContainerItemProxy */ = {
			isa = PBXContainerItemProxy;
			containerPortal = E26C38EA2250D91C009C484A /* odr.xcodeproj */;
			proxyType = 2;
			remoteGlobalIDString = 6E2B12CED9D64BEC93339963;
			remoteInfo = demangle_unittest;
		};
		E26C390A2250D91C009C484A /* PBXContainerItemProxy */ = {
			isa = PBXContainerItemProxy;
			containerPortal = E26C38EA2250D91C009C484A /* odr.xcodeproj */;
			proxyType = 2;
			remoteGlobalIDString = 7382D125EC9E4E4BA0173192;
			remoteInfo = example1;
		};
		E26C390C2250D91C009C484A /* PBXContainerItemProxy */ = {
			isa = PBXContainerItemProxy;
			containerPortal = E26C38EA2250D91C009C484A /* odr.xcodeproj */;
			proxyType = 2;
			remoteGlobalIDString = 9E8CC868858E41E08B023864;
			remoteInfo = example2;
		};
		E26C390E2250D91C009C484A /* PBXContainerItemProxy */ = {
			isa = PBXContainerItemProxy;
			containerPortal = E26C38EA2250D91C009C484A /* odr.xcodeproj */;
			proxyType = 2;
			remoteGlobalIDString = D1AEFA16B50F45F9B9187431;
			remoteInfo = example3;
		};
		E26C39102250D91C009C484A /* PBXContainerItemProxy */ = {
			isa = PBXContainerItemProxy;
			containerPortal = E26C38EA2250D91C009C484A /* odr.xcodeproj */;
			proxyType = 2;
			remoteGlobalIDString = 896E476F78FA4E5397CB1A0A;
			remoteInfo = example4;
		};
		E26C39122250D91C009C484A /* PBXContainerItemProxy */ = {
			isa = PBXContainerItemProxy;
			containerPortal = E26C38EA2250D91C009C484A /* odr.xcodeproj */;
			proxyType = 2;
			remoteGlobalIDString = D5FF3C71A0E74769816BFA0E;
			remoteInfo = example5;
		};
		E26C39142250D91C009C484A /* PBXContainerItemProxy */ = {
			isa = PBXContainerItemProxy;
			containerPortal = E26C38EA2250D91C009C484A /* odr.xcodeproj */;
			proxyType = 2;
			remoteGlobalIDString = AA43423DA5E1400E9281904F;
			remoteInfo = example6;
		};
		E26C39162250D91C009C484A /* PBXContainerItemProxy */ = {
			isa = PBXContainerItemProxy;
			containerPortal = E26C38EA2250D91C009C484A /* odr.xcodeproj */;
			proxyType = 2;
			remoteGlobalIDString = 6ED6444089C4415CB22B29EE;
			remoteInfo = glog;
		};
		E26C39182250D91C009C484A /* PBXContainerItemProxy */ = {
			isa = PBXContainerItemProxy;
			containerPortal = E26C38EA2250D91C009C484A /* odr.xcodeproj */;
			proxyType = 2;
			remoteGlobalIDString = E59F6D56B9934D84999A242C;
			remoteInfo = logging_unittest;
		};
		E26C391A2250D91C009C484A /* PBXContainerItemProxy */ = {
			isa = PBXContainerItemProxy;
			containerPortal = E26C38EA2250D91C009C484A /* odr.xcodeproj */;
			proxyType = 2;
			remoteGlobalIDString = 0AB486F4EB34484CB913AE70;
			remoteInfo = miniz;
		};
		E26C391C2250D91C009C484A /* PBXContainerItemProxy */ = {
			isa = PBXContainerItemProxy;
			containerPortal = E26C38EA2250D91C009C484A /* odr.xcodeproj */;
			proxyType = 2;
			remoteGlobalIDString = 345CB4562C8F4C2C95C40A55;
			remoteInfo = odrlib;
		};
		E26C391E2250D91C009C484A /* PBXContainerItemProxy */ = {
			isa = PBXContainerItemProxy;
			containerPortal = E26C38EA2250D91C009C484A /* odr.xcodeproj */;
			proxyType = 2;
			remoteGlobalIDString = 1CDA4E65CBCB45B3856CC8A8;
			remoteInfo = odrtests;
		};
		E26C39202250D91C009C484A /* PBXContainerItemProxy */ = {
			isa = PBXContainerItemProxy;
			containerPortal = E26C38EA2250D91C009C484A /* odr.xcodeproj */;
			proxyType = 2;
			remoteGlobalIDString = 07B8D6956815411FA61BD170;
			remoteInfo = signalhandler_unittest;
		};
		E26C39222250D91C009C484A /* PBXContainerItemProxy */ = {
			isa = PBXContainerItemProxy;
			containerPortal = E26C38EA2250D91C009C484A /* odr.xcodeproj */;
			proxyType = 2;
			remoteGlobalIDString = EABFC54A50024D76BD804D55;
			remoteInfo = stacktrace_unittest;
		};
		E26C39242250D91C009C484A /* PBXContainerItemProxy */ = {
			isa = PBXContainerItemProxy;
			containerPortal = E26C38EA2250D91C009C484A /* odr.xcodeproj */;
			proxyType = 2;
			remoteGlobalIDString = 7C2779C4F7BE45BA9EDE0112;
			remoteInfo = stl_logging_unittest;
		};
		E26C39262250D91C009C484A /* PBXContainerItemProxy */ = {
			isa = PBXContainerItemProxy;
			containerPortal = E26C38EA2250D91C009C484A /* odr.xcodeproj */;
			proxyType = 2;
			remoteGlobalIDString = 0BE92034E1A74B30B2EA7438;
			remoteInfo = symbolize_unittest;
		};
		E26C39282250D91C009C484A /* PBXContainerItemProxy */ = {
			isa = PBXContainerItemProxy;
			containerPortal = E26C38EA2250D91C009C484A /* odr.xcodeproj */;
			proxyType = 2;
			remoteGlobalIDString = 6F1EEDA475E54B24980CE6D3;
			remoteInfo = tinyxml2;
		};
		E26C392A2250D91C009C484A /* PBXContainerItemProxy */ = {
			isa = PBXContainerItemProxy;
			containerPortal = E26C38EA2250D91C009C484A /* odr.xcodeproj */;
			proxyType = 2;
			remoteGlobalIDString = 2A320678DC854B8DBA5191E6;
			remoteInfo = utilities_unittest;
		};
		E26C39302250D976009C484A /* PBXContainerItemProxy */ = {
			isa = PBXContainerItemProxy;
			containerPortal = E26C38EA2250D91C009C484A /* odr.xcodeproj */;
			proxyType = 1;
			remoteGlobalIDString = 67B795C48DAC4DE5A2CF6876;
			remoteInfo = glog;
		};
		E26C39322250D976009C484A /* PBXContainerItemProxy */ = {
			isa = PBXContainerItemProxy;
			containerPortal = E26C38EA2250D91C009C484A /* odr.xcodeproj */;
			proxyType = 1;
			remoteGlobalIDString = EE34C226C806486BB1F37B52;
			remoteInfo = miniz;
		};
		E26C39342250D976009C484A /* PBXContainerItemProxy */ = {
			isa = PBXContainerItemProxy;
			containerPortal = E26C38EA2250D91C009C484A /* odr.xcodeproj */;
			proxyType = 1;
			remoteGlobalIDString = 440213DBD1EC471CB8D41697;
			remoteInfo = odrlib;
		};
		E26C39362250D976009C484A /* PBXContainerItemProxy */ = {
			isa = PBXContainerItemProxy;
			containerPortal = E26C38EA2250D91C009C484A /* odr.xcodeproj */;
			proxyType = 1;
			remoteGlobalIDString = E3EB0C1CED8D449A9AAB7E27;
			remoteInfo = tinyxml2;
		};
/* End PBXContainerItemProxy section */

/* Begin PBXFileReference section */
		E26C38EA2250D91C009C484A /* odr.xcodeproj */ = {isa = PBXFileReference; lastKnownFileType = "wrapper.pb-project"; name = odr.xcodeproj; path = build/odr.xcodeproj; sourceTree = "<group>"; };
		E26C39382250DC6E009C484A /* WebKit.framework */ = {isa = PBXFileReference; lastKnownFileType = wrapper.framework; name = WebKit.framework; path = System/Library/Frameworks/WebKit.framework; sourceTree = SDKROOT; };
		E2BB4B60220EF3A10056176B /* BridgingHeader.h */ = {isa = PBXFileReference; lastKnownFileType = sourcecode.c.h; path = BridgingHeader.h; sourceTree = "<group>"; };
		E2C008F9220F1CF80097C594 /* CoreWrapper.mm */ = {isa = PBXFileReference; lastKnownFileType = sourcecode.cpp.objcpp; path = CoreWrapper.mm; sourceTree = "<group>"; };
		E2C008FC220F1D570097C594 /* CoreWrapper.h */ = {isa = PBXFileReference; lastKnownFileType = sourcecode.c.h; path = CoreWrapper.h; sourceTree = "<group>"; };
		E2F7ED4F220B54D600D63515 /* OpenDocumentReader.app */ = {isa = PBXFileReference; explicitFileType = wrapper.application; includeInIndex = 0; path = OpenDocumentReader.app; sourceTree = BUILT_PRODUCTS_DIR; };
		E2F7ED52220B54D600D63515 /* AppDelegate.swift */ = {isa = PBXFileReference; lastKnownFileType = sourcecode.swift; path = AppDelegate.swift; sourceTree = "<group>"; };
		E2F7ED54220B54D600D63515 /* DocumentBrowserViewController.swift */ = {isa = PBXFileReference; lastKnownFileType = sourcecode.swift; path = DocumentBrowserViewController.swift; sourceTree = "<group>"; };
		E2F7ED56220B54D600D63515 /* DocumentViewController.swift */ = {isa = PBXFileReference; lastKnownFileType = sourcecode.swift; path = DocumentViewController.swift; sourceTree = "<group>"; };
		E2F7ED58220B54D600D63515 /* Document.swift */ = {isa = PBXFileReference; lastKnownFileType = sourcecode.swift; path = Document.swift; sourceTree = "<group>"; };
		E2F7ED5B220B54D600D63515 /* Base */ = {isa = PBXFileReference; lastKnownFileType = file.storyboard; name = Base; path = Base.lproj/Main.storyboard; sourceTree = "<group>"; };
		E2F7ED5D220B54D700D63515 /* Assets.xcassets */ = {isa = PBXFileReference; lastKnownFileType = folder.assetcatalog; path = Assets.xcassets; sourceTree = "<group>"; };
		E2F7ED60220B54D700D63515 /* Base */ = {isa = PBXFileReference; lastKnownFileType = file.storyboard; name = Base; path = Base.lproj/LaunchScreen.storyboard; sourceTree = "<group>"; };
		E2F7ED62220B54D700D63515 /* Info.plist */ = {isa = PBXFileReference; lastKnownFileType = text.plist.xml; path = Info.plist; sourceTree = "<group>"; };
/* End PBXFileReference section */

/* Begin PBXFrameworksBuildPhase section */
		E2F7ED4C220B54D600D63515 /* Frameworks */ = {
			isa = PBXFrameworksBuildPhase;
			buildActionMask = 2147483647;
			files = (
				E26C39392250DC6E009C484A /* WebKit.framework in Frameworks */,
				E26C392C2250D926009C484A /* libglog.a in Frameworks */,
				E26C392D2250D926009C484A /* libminiz.a in Frameworks */,
				E26C392E2250D926009C484A /* libodrlib.a in Frameworks */,
				E26C392F2250D926009C484A /* libtinyxml2.a in Frameworks */,
			);
			runOnlyForDeploymentPostprocessing = 0;
		};
/* End PBXFrameworksBuildPhase section */

/* Begin PBXGroup section */
		E26C38EB2250D91C009C484A /* Products */ = {
			isa = PBXGroup;
			children = (
				E26C39092250D91C009C484A /* demangle_unittest */,
				E26C390B2250D91C009C484A /* example1 */,
				E26C390D2250D91C009C484A /* example2 */,
				E26C390F2250D91C009C484A /* example3 */,
				E26C39112250D91C009C484A /* example4 */,
				E26C39132250D91C009C484A /* example5 */,
				E26C39152250D91C009C484A /* example6 */,
				E26C39172250D91C009C484A /* libglog.a */,
				E26C39192250D91C009C484A /* logging_unittest */,
				E26C391B2250D91C009C484A /* libminiz.a */,
				E26C391D2250D91C009C484A /* libodrlib.a */,
				E26C391F2250D91C009C484A /* odrtests */,
				E26C39212250D91C009C484A /* signalhandler_unittest */,
				E26C39232250D91C009C484A /* stacktrace_unittest */,
				E26C39252250D91C009C484A /* stl_logging_unittest */,
				E26C39272250D91C009C484A /* symbolize_unittest */,
				E26C39292250D91C009C484A /* libtinyxml2.a */,
				E26C392B2250D91C009C484A /* utilities_unittest */,
			);
			name = Products;
			sourceTree = "<group>";
		};
		E2BB4B64220EF4F20056176B /* Frameworks */ = {
			isa = PBXGroup;
			children = (
				E26C39382250DC6E009C484A /* WebKit.framework */,
				E26C38EA2250D91C009C484A /* odr.xcodeproj */,
			);
			name = Frameworks;
			sourceTree = "<group>";
		};
		E2F7ED46220B54D600D63515 = {
			isa = PBXGroup;
			children = (
				E2F7ED51220B54D600D63515 /* OpenDocumentReader */,
				E2F7ED50220B54D600D63515 /* Products */,
				E2BB4B64220EF4F20056176B /* Frameworks */,
			);
			sourceTree = "<group>";
		};
		E2F7ED50220B54D600D63515 /* Products */ = {
			isa = PBXGroup;
			children = (
				E2F7ED4F220B54D600D63515 /* OpenDocumentReader.app */,
			);
			name = Products;
			sourceTree = "<group>";
		};
		E2F7ED51220B54D600D63515 /* OpenDocumentReader */ = {
			isa = PBXGroup;
			children = (
				E2F7ED52220B54D600D63515 /* AppDelegate.swift */,
				E2F7ED54220B54D600D63515 /* DocumentBrowserViewController.swift */,
				E2F7ED56220B54D600D63515 /* DocumentViewController.swift */,
				E2F7ED58220B54D600D63515 /* Document.swift */,
				E2F7ED5A220B54D600D63515 /* Main.storyboard */,
				E2F7ED5D220B54D700D63515 /* Assets.xcassets */,
				E2F7ED5F220B54D700D63515 /* LaunchScreen.storyboard */,
				E2F7ED62220B54D700D63515 /* Info.plist */,
				E2BB4B60220EF3A10056176B /* BridgingHeader.h */,
				E2C008F9220F1CF80097C594 /* CoreWrapper.mm */,
				E2C008FC220F1D570097C594 /* CoreWrapper.h */,
			);
			path = OpenDocumentReader;
			sourceTree = "<group>";
		};
/* End PBXGroup section */

/* Begin PBXNativeTarget section */
		E2F7ED4E220B54D600D63515 /* OpenDocumentReader */ = {
			isa = PBXNativeTarget;
			buildConfigurationList = E2F7ED65220B54D700D63515 /* Build configuration list for PBXNativeTarget "OpenDocumentReader" */;
			buildPhases = (
				E2F7ED4B220B54D600D63515 /* Sources */,
				E2F7ED4C220B54D600D63515 /* Frameworks */,
				E2F7ED4D220B54D600D63515 /* Resources */,
			);
			buildRules = (
			);
			dependencies = (
				E26C39312250D976009C484A /* PBXTargetDependency */,
				E26C39332250D976009C484A /* PBXTargetDependency */,
				E26C39352250D976009C484A /* PBXTargetDependency */,
				E26C39372250D976009C484A /* PBXTargetDependency */,
			);
			name = OpenDocumentReader;
			productName = "OpenDocument Reader";
			productReference = E2F7ED4F220B54D600D63515 /* OpenDocumentReader.app */;
			productType = "com.apple.product-type.application";
		};
/* End PBXNativeTarget section */

/* Begin PBXProject section */
		E2F7ED47220B54D600D63515 /* Project object */ = {
			isa = PBXProject;
			attributes = {
				LastSwiftUpdateCheck = 1010;
				LastUpgradeCheck = 1010;
				ORGANIZATIONNAME = "Thomas Taschauer";
				TargetAttributes = {
					E2F7ED4E220B54D600D63515 = {
						CreatedOnToolsVersion = 10.1;
						LastSwiftMigration = 1010;
					};
				};
			};
			buildConfigurationList = E2F7ED4A220B54D600D63515 /* Build configuration list for PBXProject "OpenDocumentReader" */;
			compatibilityVersion = "Xcode 9.3";
			developmentRegion = en;
			hasScannedForEncodings = 0;
			knownRegions = (
				en,
				Base,
			);
			mainGroup = E2F7ED46220B54D600D63515;
			productRefGroup = E2F7ED50220B54D600D63515 /* Products */;
			projectDirPath = "";
			projectReferences = (
				{
					ProductGroup = E26C38EB2250D91C009C484A /* Products */;
					ProjectRef = E26C38EA2250D91C009C484A /* odr.xcodeproj */;
				},
			);
			projectRoot = "";
			targets = (
				E2F7ED4E220B54D600D63515 /* OpenDocumentReader */,
			);
		};
/* End PBXProject section */

/* Begin PBXReferenceProxy section */
		E26C39092250D91C009C484A /* demangle_unittest */ = {
			isa = PBXReferenceProxy;
			fileType = "compiled.mach-o.executable";
			path = demangle_unittest;
			remoteRef = E26C39082250D91C009C484A /* PBXContainerItemProxy */;
			sourceTree = BUILT_PRODUCTS_DIR;
		};
		E26C390B2250D91C009C484A /* example1 */ = {
			isa = PBXReferenceProxy;
			fileType = "compiled.mach-o.executable";
			path = example1;
			remoteRef = E26C390A2250D91C009C484A /* PBXContainerItemProxy */;
			sourceTree = BUILT_PRODUCTS_DIR;
		};
		E26C390D2250D91C009C484A /* example2 */ = {
			isa = PBXReferenceProxy;
			fileType = "compiled.mach-o.executable";
			path = example2;
			remoteRef = E26C390C2250D91C009C484A /* PBXContainerItemProxy */;
			sourceTree = BUILT_PRODUCTS_DIR;
		};
		E26C390F2250D91C009C484A /* example3 */ = {
			isa = PBXReferenceProxy;
			fileType = "compiled.mach-o.executable";
			path = example3;
			remoteRef = E26C390E2250D91C009C484A /* PBXContainerItemProxy */;
			sourceTree = BUILT_PRODUCTS_DIR;
		};
		E26C39112250D91C009C484A /* example4 */ = {
			isa = PBXReferenceProxy;
			fileType = "compiled.mach-o.executable";
			path = example4;
			remoteRef = E26C39102250D91C009C484A /* PBXContainerItemProxy */;
			sourceTree = BUILT_PRODUCTS_DIR;
		};
		E26C39132250D91C009C484A /* example5 */ = {
			isa = PBXReferenceProxy;
			fileType = "compiled.mach-o.executable";
			path = example5;
			remoteRef = E26C39122250D91C009C484A /* PBXContainerItemProxy */;
			sourceTree = BUILT_PRODUCTS_DIR;
		};
		E26C39152250D91C009C484A /* example6 */ = {
			isa = PBXReferenceProxy;
			fileType = "compiled.mach-o.executable";
			path = example6;
			remoteRef = E26C39142250D91C009C484A /* PBXContainerItemProxy */;
			sourceTree = BUILT_PRODUCTS_DIR;
		};
		E26C39172250D91C009C484A /* libglog.a */ = {
			isa = PBXReferenceProxy;
			fileType = archive.ar;
			path = libglog.a;
			remoteRef = E26C39162250D91C009C484A /* PBXContainerItemProxy */;
			sourceTree = BUILT_PRODUCTS_DIR;
		};
		E26C39192250D91C009C484A /* logging_unittest */ = {
			isa = PBXReferenceProxy;
			fileType = "compiled.mach-o.executable";
			path = logging_unittest;
			remoteRef = E26C39182250D91C009C484A /* PBXContainerItemProxy */;
			sourceTree = BUILT_PRODUCTS_DIR;
		};
		E26C391B2250D91C009C484A /* libminiz.a */ = {
			isa = PBXReferenceProxy;
			fileType = archive.ar;
			path = libminiz.a;
			remoteRef = E26C391A2250D91C009C484A /* PBXContainerItemProxy */;
			sourceTree = BUILT_PRODUCTS_DIR;
		};
		E26C391D2250D91C009C484A /* libodrlib.a */ = {
			isa = PBXReferenceProxy;
			fileType = archive.ar;
			path = libodrlib.a;
			remoteRef = E26C391C2250D91C009C484A /* PBXContainerItemProxy */;
			sourceTree = BUILT_PRODUCTS_DIR;
		};
		E26C391F2250D91C009C484A /* odrtests */ = {
			isa = PBXReferenceProxy;
			fileType = "compiled.mach-o.executable";
			path = odrtests;
			remoteRef = E26C391E2250D91C009C484A /* PBXContainerItemProxy */;
			sourceTree = BUILT_PRODUCTS_DIR;
		};
		E26C39212250D91C009C484A /* signalhandler_unittest */ = {
			isa = PBXReferenceProxy;
			fileType = "compiled.mach-o.executable";
			path = signalhandler_unittest;
			remoteRef = E26C39202250D91C009C484A /* PBXContainerItemProxy */;
			sourceTree = BUILT_PRODUCTS_DIR;
		};
		E26C39232250D91C009C484A /* stacktrace_unittest */ = {
			isa = PBXReferenceProxy;
			fileType = "compiled.mach-o.executable";
			path = stacktrace_unittest;
			remoteRef = E26C39222250D91C009C484A /* PBXContainerItemProxy */;
			sourceTree = BUILT_PRODUCTS_DIR;
		};
		E26C39252250D91C009C484A /* stl_logging_unittest */ = {
			isa = PBXReferenceProxy;
			fileType = "compiled.mach-o.executable";
			path = stl_logging_unittest;
			remoteRef = E26C39242250D91C009C484A /* PBXContainerItemProxy */;
			sourceTree = BUILT_PRODUCTS_DIR;
		};
		E26C39272250D91C009C484A /* symbolize_unittest */ = {
			isa = PBXReferenceProxy;
			fileType = "compiled.mach-o.executable";
			path = symbolize_unittest;
			remoteRef = E26C39262250D91C009C484A /* PBXContainerItemProxy */;
			sourceTree = BUILT_PRODUCTS_DIR;
		};
		E26C39292250D91C009C484A /* libtinyxml2.a */ = {
			isa = PBXReferenceProxy;
			fileType = archive.ar;
			path = libtinyxml2.a;
			remoteRef = E26C39282250D91C009C484A /* PBXContainerItemProxy */;
			sourceTree = BUILT_PRODUCTS_DIR;
		};
		E26C392B2250D91C009C484A /* utilities_unittest */ = {
			isa = PBXReferenceProxy;
			fileType = "compiled.mach-o.executable";
			path = utilities_unittest;
			remoteRef = E26C392A2250D91C009C484A /* PBXContainerItemProxy */;
			sourceTree = BUILT_PRODUCTS_DIR;
		};
/* End PBXReferenceProxy section */

/* Begin PBXResourcesBuildPhase section */
		E2F7ED4D220B54D600D63515 /* Resources */ = {
			isa = PBXResourcesBuildPhase;
			buildActionMask = 2147483647;
			files = (
				E2F7ED61220B54D700D63515 /* LaunchScreen.storyboard in Resources */,
				E2F7ED5E220B54D700D63515 /* Assets.xcassets in Resources */,
				E2F7ED5C220B54D600D63515 /* Main.storyboard in Resources */,
			);
			runOnlyForDeploymentPostprocessing = 0;
		};
/* End PBXResourcesBuildPhase section */

/* Begin PBXSourcesBuildPhase section */
		E2F7ED4B220B54D600D63515 /* Sources */ = {
			isa = PBXSourcesBuildPhase;
			buildActionMask = 2147483647;
			files = (
				E2C008FA220F1CF80097C594 /* CoreWrapper.mm in Sources */,
				E2F7ED59220B54D600D63515 /* Document.swift in Sources */,
				E2F7ED57220B54D600D63515 /* DocumentViewController.swift in Sources */,
				E2F7ED55220B54D600D63515 /* DocumentBrowserViewController.swift in Sources */,
				E2F7ED53220B54D600D63515 /* AppDelegate.swift in Sources */,
			);
			runOnlyForDeploymentPostprocessing = 0;
		};
/* End PBXSourcesBuildPhase section */

/* Begin PBXTargetDependency section */
		E26C39312250D976009C484A /* PBXTargetDependency */ = {
			isa = PBXTargetDependency;
			name = glog;
			targetProxy = E26C39302250D976009C484A /* PBXContainerItemProxy */;
		};
		E26C39332250D976009C484A /* PBXTargetDependency */ = {
			isa = PBXTargetDependency;
			name = miniz;
			targetProxy = E26C39322250D976009C484A /* PBXContainerItemProxy */;
		};
		E26C39352250D976009C484A /* PBXTargetDependency */ = {
			isa = PBXTargetDependency;
			name = odrlib;
			targetProxy = E26C39342250D976009C484A /* PBXContainerItemProxy */;
		};
		E26C39372250D976009C484A /* PBXTargetDependency */ = {
			isa = PBXTargetDependency;
			name = tinyxml2;
			targetProxy = E26C39362250D976009C484A /* PBXContainerItemProxy */;
		};
/* End PBXTargetDependency section */

/* Begin PBXVariantGroup section */
		E2F7ED5A220B54D600D63515 /* Main.storyboard */ = {
			isa = PBXVariantGroup;
			children = (
				E2F7ED5B220B54D600D63515 /* Base */,
			);
			name = Main.storyboard;
			sourceTree = "<group>";
		};
		E2F7ED5F220B54D700D63515 /* LaunchScreen.storyboard */ = {
			isa = PBXVariantGroup;
			children = (
				E2F7ED60220B54D700D63515 /* Base */,
			);
			name = LaunchScreen.storyboard;
			sourceTree = "<group>";
		};
/* End PBXVariantGroup section */

/* Begin XCBuildConfiguration section */
		E2F7ED63220B54D700D63515 /* Debug */ = {
			isa = XCBuildConfiguration;
			buildSettings = {
				ALWAYS_SEARCH_USER_PATHS = NO;
				CLANG_ANALYZER_NONNULL = YES;
				CLANG_ANALYZER_NUMBER_OBJECT_CONVERSION = YES_AGGRESSIVE;
				CLANG_CXX_LANGUAGE_STANDARD = "gnu++14";
				CLANG_CXX_LIBRARY = "libc++";
				CLANG_ENABLE_MODULES = YES;
				CLANG_ENABLE_OBJC_ARC = YES;
				CLANG_ENABLE_OBJC_WEAK = YES;
				CLANG_WARN_BLOCK_CAPTURE_AUTORELEASING = YES;
				CLANG_WARN_BOOL_CONVERSION = YES;
				CLANG_WARN_COMMA = YES;
				CLANG_WARN_CONSTANT_CONVERSION = YES;
				CLANG_WARN_DEPRECATED_OBJC_IMPLEMENTATIONS = YES;
				CLANG_WARN_DIRECT_OBJC_ISA_USAGE = YES_ERROR;
				CLANG_WARN_DOCUMENTATION_COMMENTS = YES;
				CLANG_WARN_EMPTY_BODY = YES;
				CLANG_WARN_ENUM_CONVERSION = YES;
				CLANG_WARN_INFINITE_RECURSION = YES;
				CLANG_WARN_INT_CONVERSION = YES;
				CLANG_WARN_NON_LITERAL_NULL_CONVERSION = YES;
				CLANG_WARN_OBJC_IMPLICIT_RETAIN_SELF = YES;
				CLANG_WARN_OBJC_LITERAL_CONVERSION = YES;
				CLANG_WARN_OBJC_ROOT_CLASS = YES_ERROR;
				CLANG_WARN_RANGE_LOOP_ANALYSIS = YES;
				CLANG_WARN_STRICT_PROTOTYPES = YES;
				CLANG_WARN_SUSPICIOUS_MOVE = YES;
				CLANG_WARN_UNGUARDED_AVAILABILITY = YES_AGGRESSIVE;
				CLANG_WARN_UNREACHABLE_CODE = YES;
				CLANG_WARN__DUPLICATE_METHOD_MATCH = YES;
				CODE_SIGN_IDENTITY = "iPhone Developer";
				COPY_PHASE_STRIP = NO;
				DEBUG_INFORMATION_FORMAT = dwarf;
				ENABLE_STRICT_OBJC_MSGSEND = YES;
				ENABLE_TESTABILITY = YES;
				GCC_C_LANGUAGE_STANDARD = gnu11;
				GCC_DYNAMIC_NO_PIC = NO;
				GCC_NO_COMMON_BLOCKS = YES;
				GCC_OPTIMIZATION_LEVEL = 0;
				GCC_PREPROCESSOR_DEFINITIONS = (
					"DEBUG=1",
					"$(inherited)",
				);
				GCC_WARN_64_TO_32_BIT_CONVERSION = YES;
				GCC_WARN_ABOUT_RETURN_TYPE = YES_ERROR;
				GCC_WARN_UNDECLARED_SELECTOR = YES;
				GCC_WARN_UNINITIALIZED_AUTOS = YES_AGGRESSIVE;
				GCC_WARN_UNUSED_FUNCTION = YES;
				GCC_WARN_UNUSED_VARIABLE = YES;
				HEADER_SEARCH_PATHS = "$(inherited)";
				IPHONEOS_DEPLOYMENT_TARGET = 12.1;
				LIBRARY_SEARCH_PATHS = "$(inherited)";
				MTL_ENABLE_DEBUG_INFO = INCLUDE_SOURCE;
				MTL_FAST_MATH = YES;
				ONLY_ACTIVE_ARCH = YES;
				SDKROOT = iphoneos;
				SWIFT_ACTIVE_COMPILATION_CONDITIONS = DEBUG;
				SWIFT_OPTIMIZATION_LEVEL = "-Onone";
			};
			name = Debug;
		};
		E2F7ED64220B54D700D63515 /* Release */ = {
			isa = XCBuildConfiguration;
			buildSettings = {
				ALWAYS_SEARCH_USER_PATHS = NO;
				CLANG_ANALYZER_NONNULL = YES;
				CLANG_ANALYZER_NUMBER_OBJECT_CONVERSION = YES_AGGRESSIVE;
				CLANG_CXX_LANGUAGE_STANDARD = "gnu++14";
				CLANG_CXX_LIBRARY = "libc++";
				CLANG_ENABLE_MODULES = YES;
				CLANG_ENABLE_OBJC_ARC = YES;
				CLANG_ENABLE_OBJC_WEAK = YES;
				CLANG_WARN_BLOCK_CAPTURE_AUTORELEASING = YES;
				CLANG_WARN_BOOL_CONVERSION = YES;
				CLANG_WARN_COMMA = YES;
				CLANG_WARN_CONSTANT_CONVERSION = YES;
				CLANG_WARN_DEPRECATED_OBJC_IMPLEMENTATIONS = YES;
				CLANG_WARN_DIRECT_OBJC_ISA_USAGE = YES_ERROR;
				CLANG_WARN_DOCUMENTATION_COMMENTS = YES;
				CLANG_WARN_EMPTY_BODY = YES;
				CLANG_WARN_ENUM_CONVERSION = YES;
				CLANG_WARN_INFINITE_RECURSION = YES;
				CLANG_WARN_INT_CONVERSION = YES;
				CLANG_WARN_NON_LITERAL_NULL_CONVERSION = YES;
				CLANG_WARN_OBJC_IMPLICIT_RETAIN_SELF = YES;
				CLANG_WARN_OBJC_LITERAL_CONVERSION = YES;
				CLANG_WARN_OBJC_ROOT_CLASS = YES_ERROR;
				CLANG_WARN_RANGE_LOOP_ANALYSIS = YES;
				CLANG_WARN_STRICT_PROTOTYPES = YES;
				CLANG_WARN_SUSPICIOUS_MOVE = YES;
				CLANG_WARN_UNGUARDED_AVAILABILITY = YES_AGGRESSIVE;
				CLANG_WARN_UNREACHABLE_CODE = YES;
				CLANG_WARN__DUPLICATE_METHOD_MATCH = YES;
				CODE_SIGN_IDENTITY = "iPhone Developer";
				COPY_PHASE_STRIP = NO;
				DEBUG_INFORMATION_FORMAT = "dwarf-with-dsym";
				ENABLE_NS_ASSERTIONS = NO;
				ENABLE_STRICT_OBJC_MSGSEND = YES;
				GCC_C_LANGUAGE_STANDARD = gnu11;
				GCC_NO_COMMON_BLOCKS = YES;
				GCC_WARN_64_TO_32_BIT_CONVERSION = YES;
				GCC_WARN_ABOUT_RETURN_TYPE = YES_ERROR;
				GCC_WARN_UNDECLARED_SELECTOR = YES;
				GCC_WARN_UNINITIALIZED_AUTOS = YES_AGGRESSIVE;
				GCC_WARN_UNUSED_FUNCTION = YES;
				GCC_WARN_UNUSED_VARIABLE = YES;
				HEADER_SEARCH_PATHS = "$(inherited)";
				IPHONEOS_DEPLOYMENT_TARGET = 12.1;
				LIBRARY_SEARCH_PATHS = "$(inherited)";
				MTL_ENABLE_DEBUG_INFO = NO;
				MTL_FAST_MATH = YES;
				SDKROOT = iphoneos;
				SWIFT_COMPILATION_MODE = wholemodule;
				SWIFT_OPTIMIZATION_LEVEL = "-O";
				VALIDATE_PRODUCT = YES;
			};
			name = Release;
		};
		E2F7ED66220B54D700D63515 /* Debug */ = {
			isa = XCBuildConfiguration;
			buildSettings = {
				ASSETCATALOG_COMPILER_APPICON_NAME = AppIcon;
				CLANG_ENABLE_MODULES = YES;
				CODE_SIGN_STYLE = Automatic;
				DEVELOPMENT_TEAM = 5LS6X97G6J;
				HEADER_SEARCH_PATHS = (
					"$(inherited)",
					"$(PROJECT_DIR)/OpenDocument.core/include/**",
					"$(PROJECT_DIR)/OpenDocument.core/lib/miniz",
					"$(PROJECT_DIR)/OpenDocument.core/lib/tinyxml2",
					"$(PROJECT_DIR)/OpenDocument.core/lib/glog",
				);
				INFOPLIST_FILE = OpenDocumentReader/Info.plist;
				LD_RUNPATH_SEARCH_PATHS = (
					"$(inherited)",
					"@executable_path/Frameworks",
				);
				LIBRARY_SEARCH_PATHS = "$(inherited)";
				PRODUCT_BUNDLE_IDENTIFIER = at.tomtasche.reader;
				PRODUCT_NAME = "$(TARGET_NAME)";
				SWIFT_OBJC_BRIDGING_HEADER = OpenDocumentReader/BridgingHeader.h;
				SWIFT_OPTIMIZATION_LEVEL = "-Onone";
				SWIFT_VERSION = 4.2;
				TARGETED_DEVICE_FAMILY = "1,2";
			};
			name = Debug;
		};
		E2F7ED67220B54D700D63515 /* Release */ = {
			isa = XCBuildConfiguration;
			buildSettings = {
				ASSETCATALOG_COMPILER_APPICON_NAME = AppIcon;
				CLANG_ENABLE_MODULES = YES;
				CODE_SIGN_STYLE = Automatic;
				DEVELOPMENT_TEAM = 5LS6X97G6J;
				HEADER_SEARCH_PATHS = (
					"$(inherited)",
					"$(PROJECT_DIR)/OpenDocument.core/include/**",
					"$(PROJECT_DIR)/OpenDocument.core/lib/miniz",
					"$(PROJECT_DIR)/OpenDocument.core/lib/tinyxml2",
					"$(PROJECT_DIR)/OpenDocument.core/lib/glog",
				);
				INFOPLIST_FILE = OpenDocumentReader/Info.plist;
				LD_RUNPATH_SEARCH_PATHS = (
					"$(inherited)",
					"@executable_path/Frameworks",
				);
				LIBRARY_SEARCH_PATHS = "$(inherited)";
				PRODUCT_BUNDLE_IDENTIFIER = at.tomtasche.reader;
				PRODUCT_NAME = "$(TARGET_NAME)";
				SWIFT_OBJC_BRIDGING_HEADER = OpenDocumentReader/BridgingHeader.h;
				SWIFT_VERSION = 4.2;
				TARGETED_DEVICE_FAMILY = "1,2";
			};
			name = Release;
		};
/* End XCBuildConfiguration section */

/* Begin XCConfigurationList section */
		E2F7ED4A220B54D600D63515 /* Build configuration list for PBXProject "OpenDocumentReader" */ = {
			isa = XCConfigurationList;
			buildConfigurations = (
				E2F7ED63220B54D700D63515 /* Debug */,
				E2F7ED64220B54D700D63515 /* Release */,
			);
			defaultConfigurationIsVisible = 0;
			defaultConfigurationName = Release;
		};
		E2F7ED65220B54D700D63515 /* Build configuration list for PBXNativeTarget "OpenDocumentReader" */ = {
			isa = XCConfigurationList;
			buildConfigurations = (
				E2F7ED66220B54D700D63515 /* Debug */,
				E2F7ED67220B54D700D63515 /* Release */,
			);
			defaultConfigurationIsVisible = 0;
			defaultConfigurationName = Release;
		};
/* End XCConfigurationList section */
	};
	rootObject = E2F7ED47220B54D600D63515 /* Project object */;
}
