{
  "originHash" : "8a16f3ab10f63ca384f7610f0fa000e9080c756f1737be27cd7537a2916c52e0",
  "pins" : [
    {
      "identity" : "opendocument.core",
      "kind" : "remoteSourceControl",
      "location" : "https://github.com/opendocument-app/OpenDocument.core.git",
      "state" : {
        "revision" : "3fa5603c9093ac2df3ca0596d612ad11390e7f95",
        "version" : "6.11.0"
      }
    },
    {
      "identity" : "swift-package-manager-google-mobile-ads",
      "kind" : "remoteSourceControl",
      "location" : "https://github.com/googleads/swift-package-manager-google-mobile-ads.git",
      "state" : {
        "revision" : "54efe6d39a7b41b84c1041f21c704a7e6a493d7a",
        "version" : "13.9.0"
      }
    },
    {
      "identity" : "swift-package-manager-google-user-messaging-platform",
      "kind" : "remoteSourceControl",
      "location" : "https://github.com/googleads/swift-package-manager-google-user-messaging-platform.git",
      "state" : {
        "revision" : "13b248eaa73b7826f0efb1bcf455e251d65ecb1b",
        "version" : "3.1.0"
      }
    }
  ],
  "version" : 3
}
