{
  "originHash" : "8a16f3ab10f63ca384f7610f0fa000e9080c756f1737be27cd7537a2916c52e0",
  "pins" : [
    {
      "identity" : "opendocument.core",
      "kind" : "remoteSourceControl",
      "location" : "https://github.com/opendocument-app/OpenDocument.core.git",
      "state" : {
        "revision" : "703b931de526abc2d64cfe4de443bfab4be34098",
        "version" : "7.5.1"
      }
    },
    {
      "identity" : "swift-package-manager-google-mobile-ads",
      "kind" : "remoteSourceControl",
      "location" : "https://github.com/googleads/swift-package-manager-google-mobile-ads.git",
      "state" : {
        "revision" : "d1fa1f5c1dfe3b43d56c73f4de388ad3316618bc",
        "version" : "13.11.0"
      }
    },
    {
      "identity" : "swift-package-manager-google-user-messaging-platform",
      "kind" : "remoteSourceControl",
      "location" : "https://github.com/googleads/swift-package-manager-google-user-messaging-platform.git",
      "state" : {
        "revision" : "13b248eaa73b7826f0efb1bcf455e251d65ecb1b",
        "version" : "3.1.0"
      }
    }
  ],
  "version" : 3
}
