{
  "originHash" : "8a16f3ab10f63ca384f7610f0fa000e9080c756f1737be27cd7537a2916c52e0",
  "pins" : [
    {
      "identity" : "opendocument.core",
      "kind" : "remoteSourceControl",
      "location" : "https://github.com/opendocument-app/OpenDocument.core.git",
      "state" : {
        "revision" : "fb696177bed250b4e2c0aebae326ea6025bca49e",
        "version" : "6.9.0"
      }
    },
    {
      "identity" : "swift-package-manager-google-mobile-ads",
      "kind" : "remoteSourceControl",
      "location" : "https://github.com/googleads/swift-package-manager-google-mobile-ads.git",
      "state" : {
        "revision" : "868149fc50d1452078e83540e636cf519bac3e6a",
        "version" : "13.7.0"
      }
    },
    {
      "identity" : "swift-package-manager-google-user-messaging-platform",
      "kind" : "remoteSourceControl",
      "location" : "https://github.com/googleads/swift-package-manager-google-user-messaging-platform.git",
      "state" : {
        "revision" : "13b248eaa73b7826f0efb1bcf455e251d65ecb1b",
        "version" : "3.1.0"
      }
    }
  ],
  "version" : 3
}
